// !$*UTF8*$!
{
	archiveVersion = 1;
	classes = {
	};
	objectVersion = 56;
	objects = {

/* Begin PBXBuildFile section */
		AA050A912A7F3C07005102FA /* HexagonParaters.swift in Sources */ = {isa = PBXBuildFile; fileRef = AA050A902A7F3C07005102FA /* HexagonParaters.swift */; };
		AA050A932A7F4089005102FA /* BadgeBackground.swift in Sources */ = {isa = PBXBuildFile; fileRef = AA050A922A7F4089005102FA /* BadgeBackground.swift */; };
		AA050A952A806935005102FA /* BadgeSymbol.swift in Sources */ = {isa = PBXBuildFile; fileRef = AA050A942A806935005102FA /* BadgeSymbol.swift */; };
		AA0AE1EA2A7CA4BA0074A8E3 /* FavoriteButton.swift in Sources */ = {isa = PBXBuildFile; fileRef = AA0AE1E92A7CA4BA0074A8E3 /* FavoriteButton.swift */; };
		AA33A14829ECA5A900715138 /* LandmarksApp.swift in Sources */ = {isa = PBXBuildFile; fileRef = AA33A14729ECA5A900715138 /* LandmarksApp.swift */; };
		AA33A14A29ECA5A900715138 /* ContentView.swift in Sources */ = {isa = PBXBuildFile; fileRef = AA33A14929ECA5A900715138 /* ContentView.swift */; };
		AA33A14C29ECA5AA00715138 /* Assets.xcassets in Resources */ = {isa = PBXBuildFile; fileRef = AA33A14B29ECA5AA00715138 /* Assets.xcassets */; };
		AA33A14F29ECA5AA00715138 /* Preview Assets.xcassets in Resources */ = {isa = PBXBuildFile; fileRef = AA33A14E29ECA5AA00715138 /* Preview Assets.xcassets */; };
		AA33A15929ECA5AA00715138 /* LandmarksTests.swift in Sources */ = {isa = PBXBuildFile; fileRef = AA33A15829ECA5AA00715138 /* LandmarksTests.swift */; };
		AA33A16329ECA5AA00715138 /* LandmarksUITests.swift in Sources */ = {isa = PBXBuildFile; fileRef = AA33A16229ECA5AA00715138 /* LandmarksUITests.swift */; };
		AA33A16529ECA5AA00715138 /* LandmarksUITestsLaunchTests.swift in Sources */ = {isa = PBXBuildFile; fileRef = AA33A16429ECA5AA00715138 /* LandmarksUITestsLaunchTests.swift */; };
		AA5452632A831AFE00251168 /* Badge.swift in Sources */ = {isa = PBXBuildFile; fileRef = AA5452622A831AFE00251168 /* Badge.swift */; };
		AA5452652A831BB800251168 /* RotatedBadgeSymbol.swift in Sources */ = {isa = PBXBuildFile; fileRef = AA5452642A831BB800251168 /* RotatedBadgeSymbol.swift */; };
		AAC9FC0A2A84313200E2F12E /* hikeData.json in Resources */ = {isa = PBXBuildFile; fileRef = AAC9FC092A84313200E2F12E /* hikeData.json */; };
		AAC9FC0C2A84314C00E2F12E /* Hike.swift in Sources */ = {isa = PBXBuildFile; fileRef = AAC9FC0B2A84314C00E2F12E /* Hike.swift */; };
		AAC9FC0F2A84362200E2F12E /* GraphCapsule.swift in Sources */ = {isa = PBXBuildFile; fileRef = AAC9FC0E2A84362200E2F12E /* GraphCapsule.swift */; };
		AAC9FC112A84363200E2F12E /* HikeDetail.swift in Sources */ = {isa = PBXBuildFile; fileRef = AAC9FC102A84363200E2F12E /* HikeDetail.swift */; };
		AAC9FC152A84366100E2F12E /* HikeView.swift in Sources */ = {isa = PBXBuildFile; fileRef = AAC9FC142A84366100E2F12E /* HikeView.swift */; };
		AAC9FC172A84367200E2F12E /* HikeGraph.swift in Sources */ = {isa = PBXBuildFile; fileRef = AAC9FC162A84367200E2F12E /* HikeGraph.swift */; };
		AADA9F5C29ECE20B00D24BFD /* CircleImage.swift in Sources */ = {isa = PBXBuildFile; fileRef = AADA9F5B29ECE20B00D24BFD /* CircleImage.swift */; };
		AADA9F5E29ECE3B900D24BFD /* MapView.swift in Sources */ = {isa = PBXBuildFile; fileRef = AADA9F5D29ECE3B900D24BFD /* MapView.swift */; };
		AADAEDAD2A79C06700D4F0F3 /* landmarkData.json in Resources */ = {isa = PBXBuildFile; fileRef = AADAEDAC2A79C06700D4F0F3 /* landmarkData.json */; };
		AADAEDAF2A79C09800D4F0F3 /* Landmark.swift in Sources */ = {isa = PBXBuildFile; fileRef = AADAEDAE2A79C09800D4F0F3 /* Landmark.swift */; };
		AADAEDB12A79C35600D4F0F3 /* ModelData.swift in Sources */ = {isa = PBXBuildFile; fileRef = AADAEDB02A79C35600D4F0F3 /* ModelData.swift */; };
		AADAEDB62A79C8E700D4F0F3 /* LandmarkRow.swift in Sources */ = {isa = PBXBuildFile; fileRef = AADAEDB52A79C8E700D4F0F3 /* LandmarkRow.swift */; };
		AADAEDB82A79CBCC00D4F0F3 /* LandmarkList.swift in Sources */ = {isa = PBXBuildFile; fileRef = AADAEDB72A79CBCC00D4F0F3 /* LandmarkList.swift */; };
		AADAEDBA2A79D1A300D4F0F3 /* LandmarkDetail.swift in Sources */ = {isa = PBXBuildFile; fileRef = AADAEDB92A79D1A300D4F0F3 /* LandmarkDetail.swift */; };
/* End PBXBuildFile section */

/* Begin PBXContainerItemProxy section */
		AA33A15529ECA5AA00715138 /* PBXContainerItemProxy */ = {
			isa = PBXContainerItemProxy;
			containerPortal = AA33A13C29ECA5A900715138 /* Project object */;
			proxyType = 1;
			remoteGlobalIDString = AA33A14329ECA5A900715138;
			remoteInfo = Landmarks;
		};
		AA33A15F29ECA5AA00715138 /* PBXContainerItemProxy */ = {
			isa = PBXContainerItemProxy;
			containerPortal = AA33A13C29ECA5A900715138 /* Project object */;
			proxyType = 1;
			remoteGlobalIDString = AA33A14329ECA5A900715138;
			remoteInfo = Landmarks;
		};
/* End PBXContainerItemProxy section */

/* Begin PBXFileReference section */
		AA050A902A7F3C07005102FA /* HexagonParaters.swift */ = {isa = PBXFileReference; lastKnownFileType = sourcecode.swift; path = HexagonParaters.swift; sourceTree = "<group>"; };
		AA050A922A7F4089005102FA /* BadgeBackground.swift */ = {isa = PBXFileReference; lastKnownFileType = sourcecode.swift; path = BadgeBackground.swift; sourceTree = "<group>"; };
		AA050A942A806935005102FA /* BadgeSymbol.swift */ = {isa = PBXFileReference; lastKnownFileType = sourcecode.swift; path = BadgeSymbol.swift; sourceTree = "<group>"; };
		AA0AE1E92A7CA4BA0074A8E3 /* FavoriteButton.swift */ = {isa = PBXFileReference; lastKnownFileType = sourcecode.swift; path = FavoriteButton.swift; sourceTree = "<group>"; };
		AA33A14429ECA5A900715138 /* Landmarks.app */ = {isa = PBXFileReference; explicitFileType = wrapper.application; includeInIndex = 0; path = Landmarks.app; sourceTree = BUILT_PRODUCTS_DIR; };
		AA33A14729ECA5A900715138 /* LandmarksApp.swift */ = {isa = PBXFileReference; lastKnownFileType = sourcecode.swift; path = LandmarksApp.swift; sourceTree = "<group>"; };
		AA33A14929ECA5A900715138 /* ContentView.swift */ = {isa = PBXFileReference; lastKnownFileType = sourcecode.swift; path = ContentView.swift; sourceTree = "<group>"; };
		AA33A14B29ECA5AA00715138 /* Assets.xcassets */ = {isa = PBXFileReference; lastKnownFileType = folder.assetcatalog; path = Assets.xcassets; sourceTree = "<group>"; };
		AA33A14E29ECA5AA00715138 /* Preview Assets.xcassets */ = {isa = PBXFileReference; lastKnownFileType = folder.assetcatalog; path = "Preview Assets.xcassets"; sourceTree = "<group>"; };
		AA33A15429ECA5AA00715138 /* LandmarksTests.xctest */ = {isa = PBXFileReference; explicitFileType = wrapper.cfbundle; includeInIndex = 0; path = LandmarksTests.xctest; sourceTree = BUILT_PRODUCTS_DIR; };
		AA33A15829ECA5AA00715138 /* LandmarksTests.swift */ = {isa = PBXFileReference; lastKnownFileType = sourcecode.swift; path = LandmarksTests.swift; sourceTree = "<group>"; };
		AA33A15E29ECA5AA00715138 /* LandmarksUITests.xctest */ = {isa = PBXFileReference; explicitFileType = wrapper.cfbundle; includeInIndex = 0; path = LandmarksUITests.xctest; sourceTree = BUILT_PRODUCTS_DIR; };
		AA33A16229ECA5AA00715138 /* LandmarksUITests.swift */ = {isa = PBXFileReference; lastKnownFileType = sourcecode.swift; path = LandmarksUITests.swift; sourceTree = "<group>"; };
		AA33A16429ECA5AA00715138 /* LandmarksUITestsLaunchTests.swift */ = {isa = PBXFileReference; lastKnownFileType = sourcecode.swift; path = LandmarksUITestsLaunchTests.swift; sourceTree = "<group>"; };
		AA5452622A831AFE00251168 /* Badge.swift */ = {isa = PBXFileReference; lastKnownFileType = sourcecode.swift; path = Badge.swift; sourceTree = "<group>"; };
		AA5452642A831BB800251168 /* RotatedBadgeSymbol.swift */ = {isa = PBXFileReference; lastKnownFileType = sourcecode.swift; path = RotatedBadgeSymbol.swift; sourceTree = "<group>"; };
		AAC9FC092A84313200E2F12E /* hikeData.json */ = {isa = PBXFileReference; fileEncoding = 4; lastKnownFileType = text.json; path = hikeData.json; sourceTree = "<group>"; };
		AAC9FC0B2A84314C00E2F12E /* Hike.swift */ = {isa = PBXFileReference; lastKnownFileType = sourcecode.swift; path = Hike.swift; sourceTree = "<group>"; };
		AAC9FC0E2A84362200E2F12E /* GraphCapsule.swift */ = {isa = PBXFileReference; lastKnownFileType = sourcecode.swift; path = GraphCapsule.swift; sourceTree = "<group>"; };
		AAC9FC102A84363200E2F12E /* HikeDetail.swift */ = {isa = PBXFileReference; lastKnownFileType = sourcecode.swift; path = HikeDetail.swift; sourceTree = "<group>"; };
		AAC9FC142A84366100E2F12E /* HikeView.swift */ = {isa = PBXFileReference; lastKnownFileType = sourcecode.swift; path = HikeView.swift; sourceTree = "<group>"; };
		AAC9FC162A84367200E2F12E /* HikeGraph.swift */ = {isa = PBXFileReference; lastKnownFileType = sourcecode.swift; path = HikeGraph.swift; sourceTree = "<group>"; };
		AADA9F5B29ECE20B00D24BFD /* CircleImage.swift */ = {isa = PBXFileReference; lastKnownFileType = sourcecode.swift; path = CircleImage.swift; sourceTree = "<group>"; };
		AADA9F5D29ECE3B900D24BFD /* MapView.swift */ = {isa = PBXFileReference; lastKnownFileType = sourcecode.swift; path = MapView.swift; sourceTree = "<group>"; };
		AADAEDAC2A79C06700D4F0F3 /* landmarkData.json */ = {isa = PBXFileReference; fileEncoding = 4; lastKnownFileType = text.json; path = landmarkData.json; sourceTree = "<group>"; };
		AADAEDAE2A79C09800D4F0F3 /* Landmark.swift */ = {isa = PBXFileReference; lastKnownFileType = sourcecode.swift; path = Landmark.swift; sourceTree = "<group>"; };
		AADAEDB02A79C35600D4F0F3 /* ModelData.swift */ = {isa = PBXFileReference; lastKnownFileType = sourcecode.swift; path = ModelData.swift; sourceTree = "<group>"; };
		AADAEDB52A79C8E700D4F0F3 /* LandmarkRow.swift */ = {isa = PBXFileReference; lastKnownFileType = sourcecode.swift; path = LandmarkRow.swift; sourceTree = "<group>"; };
		AADAEDB72A79CBCC00D4F0F3 /* LandmarkList.swift */ = {isa = PBXFileReference; lastKnownFileType = sourcecode.swift; path = LandmarkList.swift; sourceTree = "<group>"; };
		AADAEDB92A79D1A300D4F0F3 /* LandmarkDetail.swift */ = {isa = PBXFileReference; lastKnownFileType = sourcecode.swift; path = LandmarkDetail.swift; sourceTree = "<group>"; };
/* End PBXFileReference section */

/* Begin PBXFrameworksBuildPhase section */
		AA33A14129ECA5A900715138 /* Frameworks */ = {
			isa = PBXFrameworksBuildPhase;
			buildActionMask = 2147483647;
			files = (
			);
			runOnlyForDeploymentPostprocessing = 0;
		};
		AA33A15129ECA5AA00715138 /* Frameworks */ = {
			isa = PBXFrameworksBuildPhase;
			buildActionMask = 2147483647;
			files = (
			);
			runOnlyForDeploymentPostprocessing = 0;
		};
		AA33A15B29ECA5AA00715138 /* Frameworks */ = {
			isa = PBXFrameworksBuildPhase;
			buildActionMask = 2147483647;
			files = (
			);
			runOnlyForDeploymentPostprocessing = 0;
		};
/* End PBXFrameworksBuildPhase section */

/* Begin PBXGroup section */
		AA0AE1EB2A7CA6440074A8E3 /* Landmarks */ = {
			isa = PBXGroup;
			children = (
				AADAEDB52A79C8E700D4F0F3 /* LandmarkRow.swift */,
				AADAEDB72A79CBCC00D4F0F3 /* LandmarkList.swift */,
				AADAEDB92A79D1A300D4F0F3 /* LandmarkDetail.swift */,
			);
			path = Landmarks;
			sourceTree = "<group>";
		};
		AA0AE1EC2A7CA68D0074A8E3 /* Helpers */ = {
			isa = PBXGroup;
			children = (
				AADA9F5B29ECE20B00D24BFD /* CircleImage.swift */,
				AADA9F5D29ECE3B900D24BFD /* MapView.swift */,
				AA0AE1E92A7CA4BA0074A8E3 /* FavoriteButton.swift */,
			);
			path = Helpers;
			sourceTree = "<group>";
		};
		AA33A13B29ECA5A900715138 = {
			isa = PBXGroup;
			children = (
				AA33A14629ECA5A900715138 /* Landmarks */,
				AA33A15729ECA5AA00715138 /* LandmarksTests */,
				AA33A16129ECA5AA00715138 /* LandmarksUITests */,
				AA33A14529ECA5A900715138 /* Products */,
			);
			sourceTree = "<group>";
		};
		AA33A14529ECA5A900715138 /* Products */ = {
			isa = PBXGroup;
			children = (
				AA33A14429ECA5A900715138 /* Landmarks.app */,
				AA33A15429ECA5AA00715138 /* LandmarksTests.xctest */,
				AA33A15E29ECA5AA00715138 /* LandmarksUITests.xctest */,
			);
			name = Products;
			sourceTree = "<group>";
		};
		AA33A14629ECA5A900715138 /* Landmarks */ = {
			isa = PBXGroup;
			children = (
				AA33A14729ECA5A900715138 /* LandmarksApp.swift */,
				AADAEDB22A79C60A00D4F0F3 /* Views */,
				AADAEDB32A79C61C00D4F0F3 /* Model */,
				AADAEDB42A79C63300D4F0F3 /* Resources */,
				AA33A14B29ECA5AA00715138 /* Assets.xcassets */,
				AA33A14D29ECA5AA00715138 /* Preview Content */,
			);
			path = Landmarks;
			sourceTree = "<group>";
		};
		AA33A14D29ECA5AA00715138 /* Preview Content */ = {
			isa = PBXGroup;
			children = (
				AA33A14E29ECA5AA00715138 /* Preview Assets.xcassets */,
			);
			path = "Preview Content";
			sourceTree = "<group>";
		};
		AA33A15729ECA5AA00715138 /* LandmarksTests */ = {
			isa = PBXGroup;
			children = (
				AA33A15829ECA5AA00715138 /* LandmarksTests.swift */,
			);
			path = LandmarksTests;
			sourceTree = "<group>";
		};
		AA33A16129ECA5AA00715138 /* LandmarksUITests */ = {
			isa = PBXGroup;
			children = (
				AA33A16229ECA5AA00715138 /* LandmarksUITests.swift */,
				AA33A16429ECA5AA00715138 /* LandmarksUITestsLaunchTests.swift */,
			);
			path = LandmarksUITests;
			sourceTree = "<group>";
		};
		AA5452662A831EDA00251168 /* Badges */ = {
			isa = PBXGroup;
			children = (
				AA5452622A831AFE00251168 /* Badge.swift */,
				AA050A902A7F3C07005102FA /* HexagonParaters.swift */,
				AA050A922A7F4089005102FA /* BadgeBackground.swift */,
				AA050A942A806935005102FA /* BadgeSymbol.swift */,
				AA5452642A831BB800251168 /* RotatedBadgeSymbol.swift */,
			);
			path = Badges;
			sourceTree = "<group>";
		};
		AAC9FC0D2A84357B00E2F12E /* Hikes */ = {
			isa = PBXGroup;
			children = (
				AAC9FC142A84366100E2F12E /* HikeView.swift */,
				AAC9FC102A84363200E2F12E /* HikeDetail.swift */,
				AAC9FC162A84367200E2F12E /* HikeGraph.swift */,
				AAC9FC0E2A84362200E2F12E /* GraphCapsule.swift */,
			);
			path = Hikes;
			sourceTree = "<group>";
		};
		AADAEDB22A79C60A00D4F0F3 /* Views */ = {
			isa = PBXGroup;
			children = (
				AA33A14929ECA5A900715138 /* ContentView.swift */,
				AA0AE1EB2A7CA6440074A8E3 /* Landmarks */,
				AAC9FC0D2A84357B00E2F12E /* Hikes */,
				AA0AE1EC2A7CA68D0074A8E3 /* Helpers */,
				AA5452662A831EDA00251168 /* Badges */,
			);
			path = Views;
			sourceTree = "<group>";
		};
		AADAEDB32A79C61C00D4F0F3 /* Model */ = {
			isa = PBXGroup;
			children = (
				AADAEDAE2A79C09800D4F0F3 /* Landmark.swift */,
				AADAEDB02A79C35600D4F0F3 /* ModelData.swift */,
				AAC9FC0B2A84314C00E2F12E /* Hike.swift */,
			);
			path = Model;
			sourceTree = "<group>";
		};
		AADAEDB42A79C63300D4F0F3 /* Resources */ = {
			isa = PBXGroup;
			children = (
				AAC9FC092A84313200E2F12E /* hikeData.json */,
				AADAEDAC2A79C06700D4F0F3 /* landmarkData.json */,
			);
			path = Resources;
			sourceTree = "<group>";
		};
/* End PBXGroup section */

/* Begin PBXNativeTarget section */
		AA33A14329ECA5A900715138 /* Landmarks */ = {
			isa = PBXNativeTarget;
			buildConfigurationList = AA33A16829ECA5AA00715138 /* Build configuration list for PBXNativeTarget "Landmarks" */;
			buildPhases = (
				AA33A14029ECA5A900715138 /* Sources */,
				AA33A14129ECA5A900715138 /* Frameworks */,
				AA33A14229ECA5A900715138 /* Resources */,
			);
			buildRules = (
			);
			dependencies = (
			);
			name = Landmarks;
			productName = Landmarks;
			productReference = AA33A14429ECA5A900715138 /* Landmarks.app */;
			productType = "com.apple.product-type.application";
		};
		AA33A15329ECA5AA00715138 /* LandmarksTests */ = {
			isa = PBXNativeTarget;
			buildConfigurationList = AA33A16B29ECA5AA00715138 /* Build configuration list for PBXNativeTarget "LandmarksTests" */;
			buildPhases = (
				AA33A15029ECA5AA00715138 /* Sources */,
				AA33A15129ECA5AA00715138 /* Frameworks */,
				AA33A15229ECA5AA00715138 /* Resources */,
			);
			buildRules = (
			);
			dependencies = (
				AA33A15629ECA5AA00715138 /* PBXTargetDependency */,
			);
			name = LandmarksTests;
			productName = LandmarksTests;
			productReference = AA33A15429ECA5AA00715138 /* LandmarksTests.xctest */;
			productType = "com.apple.product-type.bundle.unit-test";
		};
		AA33A15D29ECA5AA00715138 /* LandmarksUITests */ = {
			isa = PBXNativeTarget;
			buildConfigurationList = AA33A16E29ECA5AA00715138 /* Build configuration list for PBXNativeTarget "LandmarksUITests" */;
			buildPhases = (
				AA33A15A29ECA5AA00715138 /* Sources */,
				AA33A15B29ECA5AA00715138 /* Frameworks */,
				AA33A15C29ECA5AA00715138 /* Resources */,
			);
			buildRules = (
			);
			dependencies = (
				AA33A16029ECA5AA00715138 /* PBXTargetDependency */,
			);
			name = LandmarksUITests;
			productName = LandmarksUITests;
			productReference = AA33A15E29ECA5AA00715138 /* LandmarksUITests.xctest */;
			productType = "com.apple.product-type.bundle.ui-testing";
		};
/* End PBXNativeTarget section */

/* Begin PBXProject section */
		AA33A13C29ECA5A900715138 /* Project object */ = {
			isa = PBXProject;
			attributes = {
				BuildIndependentTargetsInParallel = 1;
				LastSwiftUpdateCheck = 1430;
				LastUpgradeCheck = 1430;
				TargetAttributes = {
					AA33A14329ECA5A900715138 = {
						CreatedOnToolsVersion = 14.3;
					};
					AA33A15329ECA5AA00715138 = {
						CreatedOnToolsVersion = 14.3;
						TestTargetID = AA33A14329ECA5A900715138;
					};
					AA33A15D29ECA5AA00715138 = {
						CreatedOnToolsVersion = 14.3;
						TestTargetID = AA33A14329ECA5A900715138;
					};
				};
			};
			buildConfigurationList = AA33A13F29ECA5A900715138 /* Build configuration list for PBXProject "Landmarks" */;
			compatibilityVersion = "Xcode 14.0";
			developmentRegion = en;
			hasScannedForEncodings = 0;
			knownRegions = (
				en,
				Base,
			);
			mainGroup = AA33A13B29ECA5A900715138;
			productRefGroup = AA33A14529ECA5A900715138 /* Products */;
			projectDirPath = "";
			projectRoot = "";
			targets = (
				AA33A14329ECA5A900715138 /* Landmarks */,
				AA33A15329ECA5AA00715138 /* LandmarksTests */,
				AA33A15D29ECA5AA00715138 /* LandmarksUITests */,
			);
		};
/* End PBXProject section */

/* Begin PBXResourcesBuildPhase section */
		AA33A14229ECA5A900715138 /* Resources */ = {
			isa = PBXResourcesBuildPhase;
			buildActionMask = 2147483647;
			files = (
				AAC9FC0A2A84313200E2F12E /* hikeData.json in Resources */,
				AA33A14F29ECA5AA00715138 /* Preview Assets.xcassets in Resources */,
				AA33A14C29ECA5AA00715138 /* Assets.xcassets in Resources */,
				AADAEDAD2A79C06700D4F0F3 /* landmarkData.json in Resources */,
			);
			runOnlyForDeploymentPostprocessing = 0;
		};
		AA33A15229ECA5AA00715138 /* Resources */ = {
			isa = PBXResourcesBuildPhase;
			buildActionMask = 2147483647;
			files = (
			);
			runOnlyForDeploymentPostprocessing = 0;
		};
		AA33A15C29ECA5AA00715138 /* Resources */ = {
			isa = PBXResourcesBuildPhase;
			buildActionMask = 2147483647;
			files = (
			);
			runOnlyForDeploymentPostprocessing = 0;
		};
/* End PBXResourcesBuildPhase section */

/* Begin PBXSourcesBuildPhase section */
		AA33A14029ECA5A900715138 /* Sources */ = {
			isa = PBXSourcesBuildPhase;
			buildActionMask = 2147483647;
			files = (
				AA33A14A29ECA5A900715138 /* ContentView.swift in Sources */,
				AADAEDAF2A79C09800D4F0F3 /* Landmark.swift in Sources */,
				AADA9F5E29ECE3B900D24BFD /* MapView.swift in Sources */,
				AAC9FC0F2A84362200E2F12E /* GraphCapsule.swift in Sources */,
				AA0AE1EA2A7CA4BA0074A8E3 /* FavoriteButton.swift in Sources */,
				AADAEDB82A79CBCC00D4F0F3 /* LandmarkList.swift in Sources */,
				AA050A952A806935005102FA /* BadgeSymbol.swift in Sources */,
				AAC9FC0C2A84314C00E2F12E /* Hike.swift in Sources */,
				AA33A14829ECA5A900715138 /* LandmarksApp.swift in Sources */,
				AA5452632A831AFE00251168 /* Badge.swift in Sources */,
				AA5452652A831BB800251168 /* RotatedBadgeSymbol.swift in Sources */,
				AAC9FC112A84363200E2F12E /* HikeDetail.swift in Sources */,
				AAC9FC152A84366100E2F12E /* HikeView.swift in Sources */,
				AAC9FC172A84367200E2F12E /* HikeGraph.swift in Sources */,
				AA050A912A7F3C07005102FA /* HexagonParaters.swift in Sources */,
				AA050A932A7F4089005102FA /* BadgeBackground.swift in Sources */,
				AADA9F5C29ECE20B00D24BFD /* CircleImage.swift in Sources */,
				AADAEDB62A79C8E700D4F0F3 /* LandmarkRow.swift in Sources */,
				AADAEDB12A79C35600D4F0F3 /* ModelData.swift in Sources */,
				AADAEDBA2A79D1A300D4F0F3 /* LandmarkDetail.swift in Sources */,
			);
			runOnlyForDeploymentPostprocessing = 0;
		};
		AA33A15029ECA5AA00715138 /* Sources */ = {
			isa = PBXSourcesBuildPhase;
			buildActionMask = 2147483647;
			files = (
				AA33A15929ECA5AA00715138 /* LandmarksTests.swift in Sources */,
			);
			runOnlyForDeploymentPostprocessing = 0;
		};
		AA33A15A29ECA5AA00715138 /* Sources */ = {
			isa = PBXSourcesBuildPhase;
			buildActionMask = 2147483647;
			files = (
				AA33A16529ECA5AA00715138 /* LandmarksUITestsLaunchTests.swift in Sources */,
				AA33A16329ECA5AA00715138 /* LandmarksUITests.swift in Sources */,
			);
			runOnlyForDeploymentPostprocessing = 0;
		};
/* End PBXSourcesBuildPhase section */

/* Begin PBXTargetDependency section */
		AA33A15629ECA5AA00715138 /* PBXTargetDependency */ = {
			isa = PBXTargetDependency;
			target = AA33A14329ECA5A900715138 /* Landmarks */;
			targetProxy = AA33A15529ECA5AA00715138 /* PBXContainerItemProxy */;
		};
		AA33A16029ECA5AA00715138 /* PBXTargetDependency */ = {
			isa = PBXTargetDependency;
			target = AA33A14329ECA5A900715138 /* Landmarks */;
			targetProxy = AA33A15F29ECA5AA00715138 /* PBXContainerItemProxy */;
		};
/* End PBXTargetDependency section */

/* Begin XCBuildConfiguration section */
		AA33A16629ECA5AA00715138 /* Debug */ = {
			isa = XCBuildConfiguration;
			buildSettings = {
				ALWAYS_SEARCH_USER_PATHS = NO;
				CLANG_ANALYZER_NONNULL = YES;
				CLANG_ANALYZER_NUMBER_OBJECT_CONVERSION = YES_AGGRESSIVE;
				CLANG_CXX_LANGUAGE_STANDARD = "gnu++20";
				CLANG_ENABLE_MODULES = YES;
				CLANG_ENABLE_OBJC_ARC = YES;
				CLANG_ENABLE_OBJC_WEAK = YES;
				CLANG_WARN_BLOCK_CAPTURE_AUTORELEASING = YES;
				CLANG_WARN_BOOL_CONVERSION = YES;
				CLANG_WARN_COMMA = YES;
				CLANG_WARN_CONSTANT_CONVERSION = YES;
				CLANG_WARN_DEPRECATED_OBJC_IMPLEMENTATIONS = YES;
				CLANG_WARN_DIRECT_OBJC_ISA_USAGE = YES_ERROR;
				CLANG_WARN_DOCUMENTATION_COMMENTS = YES;
				CLANG_WARN_EMPTY_BODY = YES;
				CLANG_WARN_ENUM_CONVERSION = YES;
				CLANG_WARN_INFINITE_RECURSION = YES;
				CLANG_WARN_INT_CONVERSION = YES;
				CLANG_WARN_NON_LITERAL_NULL_CONVERSION = YES;
				CLANG_WARN_OBJC_IMPLICIT_RETAIN_SELF = YES;
				CLANG_WARN_OBJC_LITERAL_CONVERSION = YES;
				CLANG_WARN_OBJC_ROOT_CLASS = YES_ERROR;
				CLANG_WARN_QUOTED_INCLUDE_IN_FRAMEWORK_HEADER = YES;
				CLANG_WARN_RANGE_LOOP_ANALYSIS = YES;
				CLANG_WARN_STRICT_PROTOTYPES = YES;
				CLANG_WARN_SUSPICIOUS_MOVE = YES;
				CLANG_WARN_UNGUARDED_AVAILABILITY = YES_AGGRESSIVE;
				CLANG_WARN_UNREACHABLE_CODE = YES;
				CLANG_WARN__DUPLICATE_METHOD_MATCH = YES;
				COPY_PHASE_STRIP = NO;
				DEBUG_INFORMATION_FORMAT = dwarf;
				ENABLE_STRICT_OBJC_MSGSEND = YES;
				ENABLE_TESTABILITY = YES;
				GCC_C_LANGUAGE_STANDARD = gnu11;
				GCC_DYNAMIC_NO_PIC = NO;
				GCC_NO_COMMON_BLOCKS = YES;
				GCC_OPTIMIZATION_LEVEL = 0;
				GCC_PREPROCESSOR_DEFINITIONS = (
					"DEBUG=1",
					"$(inherited)",
				);
				GCC_WARN_64_TO_32_BIT_CONVERSION = YES;
				GCC_WARN_ABOUT_RETURN_TYPE = YES_ERROR;
				GCC_WARN_UNDECLARED_SELECTOR = YES;
				GCC_WARN_UNINITIALIZED_AUTOS = YES_AGGRESSIVE;
				GCC_WARN_UNUSED_FUNCTION = YES;
				GCC_WARN_UNUSED_VARIABLE = YES;
				IPHONEOS_DEPLOYMENT_TARGET = 16.4;
				MTL_ENABLE_DEBUG_INFO = INCLUDE_SOURCE;
				MTL_FAST_MATH = YES;
				ONLY_ACTIVE_ARCH = YES;
				SDKROOT = iphoneos;
				SWIFT_ACTIVE_COMPILATION_CONDITIONS = DEBUG;
				SWIFT_OPTIMIZATION_LEVEL = "-Onone";
			};
			name = Debug;
		};
		AA33A16729ECA5AA00715138 /* Release */ = {
			isa = XCBuildConfiguration;
			buildSettings = {
				ALWAYS_SEARCH_USER_PATHS = NO;
				CLANG_ANALYZER_NONNULL = YES;
				CLANG_ANALYZER_NUMBER_OBJECT_CONVERSION = YES_AGGRESSIVE;
				CLANG_CXX_LANGUAGE_STANDARD = "gnu++20";
				CLANG_ENABLE_MODULES = YES;
				CLANG_ENABLE_OBJC_ARC = YES;
				CLANG_ENABLE_OBJC_WEAK = YES;
				CLANG_WARN_BLOCK_CAPTURE_AUTORELEASING = YES;
				CLANG_WARN_BOOL_CONVERSION = YES;
				CLANG_WARN_COMMA = YES;
				CLANG_WARN_CONSTANT_CONVERSION = YES;
				CLANG_WARN_DEPRECATED_OBJC_IMPLEMENTATIONS = YES;
				CLANG_WARN_DIRECT_OBJC_ISA_USAGE = YES_ERROR;
				CLANG_WARN_DOCUMENTATION_COMMENTS = YES;
				CLANG_WARN_EMPTY_BODY = YES;
				CLANG_WARN_ENUM_CONVERSION = YES;
				CLANG_WARN_INFINITE_RECURSION = YES;
				CLANG_WARN_INT_CONVERSION = YES;
				CLANG_WARN_NON_LITERAL_NULL_CONVERSION = YES;
				CLANG_WARN_OBJC_IMPLICIT_RETAIN_SELF = YES;
				CLANG_WARN_OBJC_LITERAL_CONVERSION = YES;
				CLANG_WARN_OBJC_ROOT_CLASS = YES_ERROR;
				CLANG_WARN_QUOTED_INCLUDE_IN_FRAMEWORK_HEADER = YES;
				CLANG_WARN_RANGE_LOOP_ANALYSIS = YES;
				CLANG_WARN_STRICT_PROTOTYPES = YES;
				CLANG_WARN_SUSPICIOUS_MOVE = YES;
				CLANG_WARN_UNGUARDED_AVAILABILITY = YES_AGGRESSIVE;
				CLANG_WARN_UNREACHABLE_CODE = YES;
				CLANG_WARN__DUPLICATE_METHOD_MATCH = YES;
				COPY_PHASE_STRIP = NO;
				DEBUG_INFORMATION_FORMAT = "dwarf-with-dsym";
				ENABLE_NS_ASSERTIONS = NO;
				ENABLE_STRICT_OBJC_MSGSEND = YES;
				GCC_C_LANGUAGE_STANDARD = gnu11;
				GCC_NO_COMMON_BLOCKS = YES;
				GCC_WARN_64_TO_32_BIT_CONVERSION = YES;
				GCC_WARN_ABOUT_RETURN_TYPE = YES_ERROR;
				GCC_WARN_UNDECLARED_SELECTOR = YES;
				GCC_WARN_UNINITIALIZED_AUTOS = YES_AGGRESSIVE;
				GCC_WARN_UNUSED_FUNCTION = YES;
				GCC_WARN_UNUSED_VARIABLE = YES;
				IPHONEOS_DEPLOYMENT_TARGET = 16.4;
				MTL_ENABLE_DEBUG_INFO = NO;
				MTL_FAST_MATH = YES;
				SDKROOT = iphoneos;
				SWIFT_COMPILATION_MODE = wholemodule;
				SWIFT_OPTIMIZATION_LEVEL = "-O";
				VALIDATE_PRODUCT = YES;
			};
			name = Release;
		};
		AA33A16929ECA5AA00715138 /* Debug */ = {
			isa = XCBuildConfiguration;
			buildSettings = {
				ASSETCATALOG_COMPILER_APPICON_NAME = AppIcon;
				ASSETCATALOG_COMPILER_GLOBAL_ACCENT_COLOR_NAME = AccentColor;
				CODE_SIGN_STYLE = Automatic;
				CURRENT_PROJECT_VERSION = 1;
				DEVELOPMENT_ASSET_PATHS = "\"Landmarks/Preview Content\"";
				DEVELOPMENT_TEAM = S7462B5GSX;
				ENABLE_PREVIEWS = YES;
				GENERATE_INFOPLIST_FILE = YES;
				INFOPLIST_KEY_UIApplicationSceneManifest_Generation = YES;
				INFOPLIST_KEY_UIApplicationSupportsIndirectInputEvents = YES;
				INFOPLIST_KEY_UILaunchScreen_Generation = YES;
				INFOPLIST_KEY_UISupportedInterfaceOrientations_iPad = "UIInterfaceOrientationPortrait UIInterfaceOrientationPortraitUpsideDown UIInterfaceOrientationLandscapeLeft UIInterfaceOrientationLandscapeRight";
				INFOPLIST_KEY_UISupportedInterfaceOrientations_iPhone = "UIInterfaceOrientationPortrait UIInterfaceOrientationLandscapeLeft UIInterfaceOrientationLandscapeRight";
				LD_RUNPATH_SEARCH_PATHS = (
					"$(inherited)",
					"@executable_path/Frameworks",
				);
				MARKETING_VERSION = 1.0;
				PRODUCT_BUNDLE_IDENTIFIER = dev.jcsj.Landmarks;
				PRODUCT_NAME = "$(TARGET_NAME)";
				SWIFT_EMIT_LOC_STRINGS = YES;
				SWIFT_VERSION = 5.0;
				TARGETED_DEVICE_FAMILY = "1,2";
			};
			name = Debug;
		};
		AA33A16A29ECA5AA00715138 /* Release */ = {
			isa = XCBuildConfiguration;
			buildSettings = {
				ASSETCATALOG_COMPILER_APPICON_NAME = AppIcon;
				ASSETCATALOG_COMPILER_GLOBAL_ACCENT_COLOR_NAME = AccentColor;
				CODE_SIGN_STYLE = Automatic;
				CURRENT_PROJECT_VERSION = 1;
				DEVELOPMENT_ASSET_PATHS = "\"Landmarks/Preview Content\"";
				DEVELOPMENT_TEAM = S7462B5GSX;
				ENABLE_PREVIEWS = YES;
				GENERATE_INFOPLIST_FILE = YES;
				INFOPLIST_KEY_UIApplicationSceneManifest_Generation = YES;
				INFOPLIST_KEY_UIApplicationSupportsIndirectInputEvents = YES;
				INFOPLIST_KEY_UILaunchScreen_Generation = YES;
				INFOPLIST_KEY_UISupportedInterfaceOrientations_iPad = "UIInterfaceOrientationPortrait UIInterfaceOrientationPortraitUpsideDown UIInterfaceOrientationLandscapeLeft UIInterfaceOrientationLandscapeRight";
				INFOPLIST_KEY_UISupportedInterfaceOrientations_iPhone = "UIInterfaceOrientationPortrait UIInterfaceOrientationLandscapeLeft UIInterfaceOrientationLandscapeRight";
				LD_RUNPATH_SEARCH_PATHS = (
					"$(inherited)",
					"@executable_path/Frameworks",
				);
				MARKETING_VERSION = 1.0;
				PRODUCT_BUNDLE_IDENTIFIER = dev.jcsj.Landmarks;
				PRODUCT_NAME = "$(TARGET_NAME)";
				SWIFT_EMIT_LOC_STRINGS = YES;
				SWIFT_VERSION = 5.0;
				TARGETED_DEVICE_FAMILY = "1,2";
			};
			name = Release;
		};
		AA33A16C29ECA5AA00715138 /* Debug */ = {
			isa = XCBuildConfiguration;
			buildSettings = {
				ALWAYS_EMBED_SWIFT_STANDARD_LIBRARIES = YES;
				BUNDLE_LOADER = "$(TEST_HOST)";
				CODE_SIGN_STYLE = Automatic;
				CURRENT_PROJECT_VERSION = 1;
				DEVELOPMENT_TEAM = S7462B5GSX;
				GENERATE_INFOPLIST_FILE = YES;
				IPHONEOS_DEPLOYMENT_TARGET = 16.4;
				MARKETING_VERSION = 1.0;
				PRODUCT_BUNDLE_IDENTIFIER = dev.jcsj.LandmarksTests;
				PRODUCT_NAME = "$(TARGET_NAME)";
				SWIFT_EMIT_LOC_STRINGS = NO;
				SWIFT_VERSION = 5.0;
				TARGETED_DEVICE_FAMILY = "1,2";
				TEST_HOST = "$(BUILT_PRODUCTS_DIR)/Landmarks.app/$(BUNDLE_EXECUTABLE_FOLDER_PATH)/Landmarks";
			};
			name = Debug;
		};
		AA33A16D29ECA5AA00715138 /* Release */ = {
			isa = XCBuildConfiguration;
			buildSettings = {
				ALWAYS_EMBED_SWIFT_STANDARD_LIBRARIES = YES;
				BUNDLE_LOADER = "$(TEST_HOST)";
				CODE_SIGN_STYLE = Automatic;
				CURRENT_PROJECT_VERSION = 1;
				DEVELOPMENT_TEAM = S7462B5GSX;
				GENERATE_INFOPLIST_FILE = YES;
				IPHONEOS_DEPLOYMENT_TARGET = 16.4;
				MARKETING_VERSION = 1.0;
				PRODUCT_BUNDLE_IDENTIFIER = dev.jcsj.LandmarksTests;
				PRODUCT_NAME = "$(TARGET_NAME)";
				SWIFT_EMIT_LOC_STRINGS = NO;
				SWIFT_VERSION = 5.0;
				TARGETED_DEVICE_FAMILY = "1,2";
				TEST_HOST = "$(BUILT_PRODUCTS_DIR)/Landmarks.app/$(BUNDLE_EXECUTABLE_FOLDER_PATH)/Landmarks";
			};
			name = Release;
		};
		AA33A16F29ECA5AA00715138 /* Debug */ = {
			isa = XCBuildConfiguration;
			buildSettings = {
				ALWAYS_EMBED_SWIFT_STANDARD_LIBRARIES = YES;
				CODE_SIGN_STYLE = Automatic;
				CURRENT_PROJECT_VERSION = 1;
				DEVELOPMENT_TEAM = S7462B5GSX;
				GENERATE_INFOPLIST_FILE = YES;
				MARKETING_VERSION = 1.0;
				PRODUCT_BUNDLE_IDENTIFIER = dev.jcsj.LandmarksUITests;
				PRODUCT_NAME = "$(TARGET_NAME)";
				SWIFT_EMIT_LOC_STRINGS = NO;
				SWIFT_VERSION = 5.0;
				TARGETED_DEVICE_FAMILY = "1,2";
				TEST_TARGET_NAME = Landmarks;
			};
			name = Debug;
		};
		AA33A17029ECA5AA00715138 /* Release */ = {
			isa = XCBuildConfiguration;
			buildSettings = {
				ALWAYS_EMBED_SWIFT_STANDARD_LIBRARIES = YES;
				CODE_SIGN_STYLE = Automatic;
				CURRENT_PROJECT_VERSION = 1;
				DEVELOPMENT_TEAM = S7462B5GSX;
				GENERATE_INFOPLIST_FILE = YES;
				MARKETING_VERSION = 1.0;
				PRODUCT_BUNDLE_IDENTIFIER = dev.jcsj.LandmarksUITests;
				PRODUCT_NAME = "$(TARGET_NAME)";
				SWIFT_EMIT_LOC_STRINGS = NO;
				SWIFT_VERSION = 5.0;
				TARGETED_DEVICE_FAMILY = "1,2";
				TEST_TARGET_NAME = Landmarks;
			};
			name = Release;
		};
/* End XCBuildConfiguration section */

/* Begin XCConfigurationList section */
		AA33A13F29ECA5A900715138 /* Build configuration list for PBXProject "Landmarks" */ = {
			isa = XCConfigurationList;
			buildConfigurations = (
				AA33A16629ECA5AA00715138 /* Debug */,
				AA33A16729ECA5AA00715138 /* Release */,
			);
			defaultConfigurationIsVisible = 0;
			defaultConfigurationName = Release;
		};
		AA33A16829ECA5AA00715138 /* Build configuration list for PBXNativeTarget "Landmarks" */ = {
			isa = XCConfigurationList;
			buildConfigurations = (
				AA33A16929ECA5AA00715138 /* Debug */,
				AA33A16A29ECA5AA00715138 /* Release */,
			);
			defaultConfigurationIsVisible = 0;
			defaultConfigurationName = Release;
		};
		AA33A16B29ECA5AA00715138 /* Build configuration list for PBXNativeTarget "LandmarksTests" */ = {
			isa = XCConfigurationList;
			buildConfigurations = (
				AA33A16C29ECA5AA00715138 /* Debug */,
				AA33A16D29ECA5AA00715138 /* Release */,
			);
			defaultConfigurationIsVisible = 0;
			defaultConfigurationName = Release;
		};
		AA33A16E29ECA5AA00715138 /* Build configuration list for PBXNativeTarget "LandmarksUITests" */ = {
			isa = XCConfigurationList;
			buildConfigurations = (
				AA33A16F29ECA5AA00715138 /* Debug */,
				AA33A17029ECA5AA00715138 /* Release */,
			);
			defaultConfigurationIsVisible = 0;
			defaultConfigurationName = Release;
		};
/* End XCConfigurationList section */
	};
	rootObject = AA33A13C29ECA5A900715138 /* Project object */;
}
