// !$*UTF8*$!
{
	archiveVersion = 1;
	classes = {
	};
	objectVersion = 56;
	objects = {

/* Begin PBXBuildFile section */
		AA050A912A7F3C07005102FA /* HexagonParaters.swift in Sources */ = {isa = PBXBuildFile; fileRef = AA050A902A7F3C07005102FA /* HexagonParaters.swift */; };
		AA050A932A7F4089005102FA /* BadgeBackground.swift in Sources */ = {isa = PBXBuildFile; fileRef = AA050A922A7F4089005102FA /* BadgeBackground.swift */; };
		AA050A952A806935005102FA /* BadgeSymbol.swift in Sources */ = {isa = PBXBuildFile; fileRef = AA050A942A806935005102FA /* BadgeSymbol.swift */; };
		AA0AE1EA2A7CA4BA0074A8E3 /* FavoriteButton.swift in Sources */ = {isa = PBXBuildFile; fileRef = AA0AE1E92A7CA4BA0074A8E3 /* FavoriteButton.swift */; };
		AA33A14829ECA5A900715138 /* LandmarksApp.swift in Sources */ = {isa = PBXBuildFile; fileRef = AA33A14729ECA5A900715138 /* LandmarksApp.swift */; };
		AA33A14A29ECA5A900715138 /* ContentView.swift in Sources */ = {isa = PBXBuildFile; fileRef = AA33A14929ECA5A900715138 /* ContentView.swift */; };
		AA33A14C29ECA5AA00715138 /* Assets.xcassets in Resources */ = {isa = PBXBuildFile; fileRef = AA33A14B29ECA5AA00715138 /* Assets.xcassets */; };
		AA33A14F29ECA5AA00715138 /* Preview Assets.xcassets in Resources */ = {isa = PBXBuildFile; fileRef = AA33A14E29ECA5AA00715138 /* Preview Assets.xcassets */; };
		AA33A15929ECA5AA00715138 /* LandmarksTests.swift in Sources */ = {isa = PBXBuildFile; fileRef = AA33A15829ECA5AA00715138 /* LandmarksTests.swift */; };
		AA33A16329ECA5AA00715138 /* LandmarksUITests.swift in Sources */ = {isa = PBXBuildFile; fileRef = AA33A16229ECA5AA00715138 /* LandmarksUITests.swift */; };
		AA33A16529ECA5AA00715138 /* LandmarksUITestsLaunchTests.swift in Sources */ = {isa = PBXBuildFile; fileRef = AA33A16429ECA5AA00715138 /* LandmarksUITestsLaunchTests.swift */; };
		AA4C3B152A93F618002A7AF7 /* PageViewController.swift in Sources */ = {isa = PBXBuildFile; fileRef = AA4C3B142A93F618002A7AF7 /* PageViewController.swift */; };
		AA4C3B172A93FA42002A7AF7 /* FeatureCard.swift in Sources */ = {isa = PBXBuildFile; fileRef = AA4C3B162A93FA42002A7AF7 /* FeatureCard.swift */; };
		AA4C3B192A93FDE0002A7AF7 /* PageView.swift in Sources */ = {isa = PBXBuildFile; fileRef = AA4C3B182A93FDE0002A7AF7 /* PageView.swift */; };
		AA4C3B1B2A956A3D002A7AF7 /* PageControl.swift in Sources */ = {isa = PBXBuildFile; fileRef = AA4C3B1A2A956A3D002A7AF7 /* PageControl.swift */; };
		AA5452632A831AFE00251168 /* Badge.swift in Sources */ = {isa = PBXBuildFile; fileRef = AA5452622A831AFE00251168 /* Badge.swift */; };
		AA5452652A831BB800251168 /* RotatedBadgeSymbol.swift in Sources */ = {isa = PBXBuildFile; fileRef = AA5452642A831BB800251168 /* RotatedBadgeSymbol.swift */; };
		AA545B9D2A97D5B600F4BCF6 /* ContentView.swift in Sources */ = {isa = PBXBuildFile; fileRef = AA545B9C2A97D5B600F4BCF6 /* ContentView.swift */; };
		AA545B9F2A97D5B700F4BCF6 /* Assets.xcassets in Resources */ = {isa = PBXBuildFile; fileRef = AA545B9E2A97D5B700F4BCF6 /* Assets.xcassets */; };
		AA545BA22A97D5B700F4BCF6 /* Preview Assets.xcassets in Resources */ = {isa = PBXBuildFile; fileRef = AA545BA12A97D5B700F4BCF6 /* Preview Assets.xcassets */; };
		AA545BAC2A97D5B700F4BCF6 /* WatchLandmarks_Watch_AppTests.swift in Sources */ = {isa = PBXBuildFile; fileRef = AA545BAB2A97D5B700F4BCF6 /* WatchLandmarks_Watch_AppTests.swift */; };
		AA545BB62A97D5B700F4BCF6 /* WatchLandmarks_Watch_AppUITests.swift in Sources */ = {isa = PBXBuildFile; fileRef = AA545BB52A97D5B700F4BCF6 /* WatchLandmarks_Watch_AppUITests.swift */; };
		AA545BB82A97D5B700F4BCF6 /* WatchLandmarks_Watch_AppUITestsLaunchTests.swift in Sources */ = {isa = PBXBuildFile; fileRef = AA545BB72A97D5B700F4BCF6 /* WatchLandmarks_Watch_AppUITestsLaunchTests.swift */; };
		AA545BBB2A97D5B700F4BCF6 /* WatchLandmarks Watch App.app in Embed Watch Content */ = {isa = PBXBuildFile; fileRef = AA545B982A97D5B600F4BCF6 /* WatchLandmarks Watch App.app */; settings = {ATTRIBUTES = (RemoveHeadersOnCopy, ); }; };
		AA545BC52A980D9200F4BCF6 /* LandmarkRow.swift in Sources */ = {isa = PBXBuildFile; fileRef = AADAEDB52A79C8E700D4F0F3 /* LandmarkRow.swift */; };
		AA545BC62A980D9200F4BCF6 /* Landmark.swift in Sources */ = {isa = PBXBuildFile; fileRef = AADAEDAE2A79C09800D4F0F3 /* Landmark.swift */; };
		AA545BC72A980D9200F4BCF6 /* Hike.swift in Sources */ = {isa = PBXBuildFile; fileRef = AAC9FC0B2A84314C00E2F12E /* Hike.swift */; };
		AA545BC82A980D9200F4BCF6 /* Profile.swift in Sources */ = {isa = PBXBuildFile; fileRef = AAE7AC522A91B8440058C942 /* Profile.swift */; };
		AA545BC92A980D9200F4BCF6 /* Assets.xcassets in Resources */ = {isa = PBXBuildFile; fileRef = AA33A14B29ECA5AA00715138 /* Assets.xcassets */; };
		AA545BCA2A980D9200F4BCF6 /* landmarkData.json in Resources */ = {isa = PBXBuildFile; fileRef = AADAEDAC2A79C06700D4F0F3 /* landmarkData.json */; };
		AA545BCB2A980D9200F4BCF6 /* LandmarksApp.swift in Sources */ = {isa = PBXBuildFile; fileRef = AA33A14729ECA5A900715138 /* LandmarksApp.swift */; };
		AA545BCC2A980D9200F4BCF6 /* ModelData.swift in Sources */ = {isa = PBXBuildFile; fileRef = AADAEDB02A79C35600D4F0F3 /* ModelData.swift */; };
		AA545BCD2A980D9200F4BCF6 /* LandmarkList.swift in Sources */ = {isa = PBXBuildFile; fileRef = AADAEDB72A79CBCC00D4F0F3 /* LandmarkList.swift */; };
		AA545BCE2A980D9200F4BCF6 /* hikeData.json in Resources */ = {isa = PBXBuildFile; fileRef = AAC9FC092A84313200E2F12E /* hikeData.json */; };
		AA545BCF2A980D9200F4BCF6 /* CircleImage.swift in Sources */ = {isa = PBXBuildFile; fileRef = AADA9F5B29ECE20B00D24BFD /* CircleImage.swift */; };
		AA545BD02A980D9200F4BCF6 /* MapView.swift in Sources */ = {isa = PBXBuildFile; fileRef = AADA9F5D29ECE3B900D24BFD /* MapView.swift */; };
		AA545BD22A980FA400F4BCF6 /* LandmarkDetail.swift in Sources */ = {isa = PBXBuildFile; fileRef = AA545BD12A980FA400F4BCF6 /* LandmarkDetail.swift */; };
		AA545BD42A981C1800F4BCF6 /* NotificationView.swift in Sources */ = {isa = PBXBuildFile; fileRef = AA545BD32A981C1800F4BCF6 /* NotificationView.swift */; };
		AA545BD62A981DDF00F4BCF6 /* NotificationController.swift in Sources */ = {isa = PBXBuildFile; fileRef = AA545BD52A981DDF00F4BCF6 /* NotificationController.swift */; };
		AA7BF6792A9059FA007E381A /* CategoryHome.swift in Sources */ = {isa = PBXBuildFile; fileRef = AA7BF6782A9059FA007E381A /* CategoryHome.swift */; };
		AA7BF67B2A906533007E381A /* CategoryRow.swift in Sources */ = {isa = PBXBuildFile; fileRef = AA7BF67A2A906533007E381A /* CategoryRow.swift */; };
		AA7BF67D2A9069F7007E381A /* CategoryItem.swift in Sources */ = {isa = PBXBuildFile; fileRef = AA7BF67C2A9069F7007E381A /* CategoryItem.swift */; };
		AAC9FC0A2A84313200E2F12E /* hikeData.json in Resources */ = {isa = PBXBuildFile; fileRef = AAC9FC092A84313200E2F12E /* hikeData.json */; };
		AAC9FC0C2A84314C00E2F12E /* Hike.swift in Sources */ = {isa = PBXBuildFile; fileRef = AAC9FC0B2A84314C00E2F12E /* Hike.swift */; };
		AAC9FC0F2A84362200E2F12E /* GraphCapsule.swift in Sources */ = {isa = PBXBuildFile; fileRef = AAC9FC0E2A84362200E2F12E /* GraphCapsule.swift */; };
		AAC9FC112A84363200E2F12E /* HikeDetail.swift in Sources */ = {isa = PBXBuildFile; fileRef = AAC9FC102A84363200E2F12E /* HikeDetail.swift */; };
		AAC9FC152A84366100E2F12E /* HikeView.swift in Sources */ = {isa = PBXBuildFile; fileRef = AAC9FC142A84366100E2F12E /* HikeView.swift */; };
		AAC9FC172A84367200E2F12E /* HikeGraph.swift in Sources */ = {isa = PBXBuildFile; fileRef = AAC9FC162A84367200E2F12E /* HikeGraph.swift */; };
		AADA9F5C29ECE20B00D24BFD /* CircleImage.swift in Sources */ = {isa = PBXBuildFile; fileRef = AADA9F5B29ECE20B00D24BFD /* CircleImage.swift */; };
		AADA9F5E29ECE3B900D24BFD /* MapView.swift in Sources */ = {isa = PBXBuildFile; fileRef = AADA9F5D29ECE3B900D24BFD /* MapView.swift */; };
		AADAEDAD2A79C06700D4F0F3 /* landmarkData.json in Resources */ = {isa = PBXBuildFile; fileRef = AADAEDAC2A79C06700D4F0F3 /* landmarkData.json */; };
		AADAEDAF2A79C09800D4F0F3 /* Landmark.swift in Sources */ = {isa = PBXBuildFile; fileRef = AADAEDAE2A79C09800D4F0F3 /* Landmark.swift */; };
		AADAEDB12A79C35600D4F0F3 /* ModelData.swift in Sources */ = {isa = PBXBuildFile; fileRef = AADAEDB02A79C35600D4F0F3 /* ModelData.swift */; };
		AADAEDB62A79C8E700D4F0F3 /* LandmarkRow.swift in Sources */ = {isa = PBXBuildFile; fileRef = AADAEDB52A79C8E700D4F0F3 /* LandmarkRow.swift */; };
		AADAEDB82A79CBCC00D4F0F3 /* LandmarkList.swift in Sources */ = {isa = PBXBuildFile; fileRef = AADAEDB72A79CBCC00D4F0F3 /* LandmarkList.swift */; };
		AADAEDBA2A79D1A300D4F0F3 /* LandmarkDetail.swift in Sources */ = {isa = PBXBuildFile; fileRef = AADAEDB92A79D1A300D4F0F3 /* LandmarkDetail.swift */; };
		AAE7AC532A91B8440058C942 /* Profile.swift in Sources */ = {isa = PBXBuildFile; fileRef = AAE7AC522A91B8440058C942 /* Profile.swift */; };
		AAE7AC562A91BF930058C942 /* ProfileHost.swift in Sources */ = {isa = PBXBuildFile; fileRef = AAE7AC552A91BF930058C942 /* ProfileHost.swift */; };
		AAE7AC582A91C0C20058C942 /* ProfileSummary.swift in Sources */ = {isa = PBXBuildFile; fileRef = AAE7AC572A91C0C20058C942 /* ProfileSummary.swift */; };
		AAE7AC5A2A91C6BC0058C942 /* HikeBadge.swift in Sources */ = {isa = PBXBuildFile; fileRef = AAE7AC592A91C6BC0058C942 /* HikeBadge.swift */; };
		AAE7AC5E2A92BDCB0058C942 /* ProfileEditor.swift in Sources */ = {isa = PBXBuildFile; fileRef = AAE7AC5D2A92BDCB0058C942 /* ProfileEditor.swift */; };
/* End PBXBuildFile section */

/* Begin PBXContainerItemProxy section */
		AA33A15529ECA5AA00715138 /* PBXContainerItemProxy */ = {
			isa = PBXContainerItemProxy;
			containerPortal = AA33A13C29ECA5A900715138 /* Project object */;
			proxyType = 1;
			remoteGlobalIDString = AA33A14329ECA5A900715138;
			remoteInfo = Landmarks;
		};
		AA33A15F29ECA5AA00715138 /* PBXContainerItemProxy */ = {
			isa = PBXContainerItemProxy;
			containerPortal = AA33A13C29ECA5A900715138 /* Project object */;
			proxyType = 1;
			remoteGlobalIDString = AA33A14329ECA5A900715138;
			remoteInfo = Landmarks;
		};
		AA545BA82A97D5B700F4BCF6 /* PBXContainerItemProxy */ = {
			isa = PBXContainerItemProxy;
			containerPortal = AA33A13C29ECA5A900715138 /* Project object */;
			proxyType = 1;
			remoteGlobalIDString = AA545B972A97D5B600F4BCF6;
			remoteInfo = "WatchLandmarks Watch App";
		};
		AA545BB22A97D5B700F4BCF6 /* PBXContainerItemProxy */ = {
			isa = PBXContainerItemProxy;
			containerPortal = AA33A13C29ECA5A900715138 /* Project object */;
			proxyType = 1;
			remoteGlobalIDString = AA545B972A97D5B600F4BCF6;
			remoteInfo = "WatchLandmarks Watch App";
		};
		AA545BB92A97D5B700F4BCF6 /* PBXContainerItemProxy */ = {
			isa = PBXContainerItemProxy;
			containerPortal = AA33A13C29ECA5A900715138 /* Project object */;
			proxyType = 1;
			remoteGlobalIDString = AA545B972A97D5B600F4BCF6;
			remoteInfo = "WatchLandmarks Watch App";
		};
/* End PBXContainerItemProxy section */

/* Begin PBXCopyFilesBuildPhase section */
		AA7CE2422A97D41B00392BD9 /* Embed Watch Content */ = {
			isa = PBXCopyFilesBuildPhase;
			buildActionMask = 2147483647;
			dstPath = "$(CONTENTS_FOLDER_PATH)/Watch";
			dstSubfolderSpec = 16;
			files = (
				AA545BBB2A97D5B700F4BCF6 /* WatchLandmarks Watch App.app in Embed Watch Content */,
			);
			name = "Embed Watch Content";
			runOnlyForDeploymentPostprocessing = 0;
		};
/* End PBXCopyFilesBuildPhase section */

/* Begin PBXFileReference section */
		AA050A902A7F3C07005102FA /* HexagonParaters.swift */ = {isa = PBXFileReference; lastKnownFileType = sourcecode.swift; path = HexagonParaters.swift; sourceTree = "<group>"; };
		AA050A922A7F4089005102FA /* BadgeBackground.swift */ = {isa = PBXFileReference; lastKnownFileType = sourcecode.swift; path = BadgeBackground.swift; sourceTree = "<group>"; };
		AA050A942A806935005102FA /* BadgeSymbol.swift */ = {isa = PBXFileReference; lastKnownFileType = sourcecode.swift; path = BadgeSymbol.swift; sourceTree = "<group>"; };
		AA0AE1E92A7CA4BA0074A8E3 /* FavoriteButton.swift */ = {isa = PBXFileReference; lastKnownFileType = sourcecode.swift; path = FavoriteButton.swift; sourceTree = "<group>"; };
		AA33A14429ECA5A900715138 /* Landmarks.app */ = {isa = PBXFileReference; explicitFileType = wrapper.application; includeInIndex = 0; path = Landmarks.app; sourceTree = BUILT_PRODUCTS_DIR; };
		AA33A14729ECA5A900715138 /* LandmarksApp.swift */ = {isa = PBXFileReference; lastKnownFileType = sourcecode.swift; path = LandmarksApp.swift; sourceTree = "<group>"; };
		AA33A14929ECA5A900715138 /* ContentView.swift */ = {isa = PBXFileReference; lastKnownFileType = sourcecode.swift; path = ContentView.swift; sourceTree = "<group>"; };
		AA33A14B29ECA5AA00715138 /* Assets.xcassets */ = {isa = PBXFileReference; lastKnownFileType = folder.assetcatalog; path = Assets.xcassets; sourceTree = "<group>"; };
		AA33A14E29ECA5AA00715138 /* Preview Assets.xcassets */ = {isa = PBXFileReference; lastKnownFileType = folder.assetcatalog; path = "Preview Assets.xcassets"; sourceTree = "<group>"; };
		AA33A15429ECA5AA00715138 /* LandmarksTests.xctest */ = {isa = PBXFileReference; explicitFileType = wrapper.cfbundle; includeInIndex = 0; path = LandmarksTests.xctest; sourceTree = BUILT_PRODUCTS_DIR; };
		AA33A15829ECA5AA00715138 /* LandmarksTests.swift */ = {isa = PBXFileReference; lastKnownFileType = sourcecode.swift; path = LandmarksTests.swift; sourceTree = "<group>"; };
		AA33A15E29ECA5AA00715138 /* LandmarksUITests.xctest */ = {isa = PBXFileReference; explicitFileType = wrapper.cfbundle; includeInIndex = 0; path = LandmarksUITests.xctest; sourceTree = BUILT_PRODUCTS_DIR; };
		AA33A16229ECA5AA00715138 /* LandmarksUITests.swift */ = {isa = PBXFileReference; lastKnownFileType = sourcecode.swift; path = LandmarksUITests.swift; sourceTree = "<group>"; };
		AA33A16429ECA5AA00715138 /* LandmarksUITestsLaunchTests.swift */ = {isa = PBXFileReference; lastKnownFileType = sourcecode.swift; path = LandmarksUITestsLaunchTests.swift; sourceTree = "<group>"; };
		AA4C3B142A93F618002A7AF7 /* PageViewController.swift */ = {isa = PBXFileReference; lastKnownFileType = sourcecode.swift; path = PageViewController.swift; sourceTree = "<group>"; };
		AA4C3B162A93FA42002A7AF7 /* FeatureCard.swift */ = {isa = PBXFileReference; lastKnownFileType = sourcecode.swift; path = FeatureCard.swift; sourceTree = "<group>"; };
		AA4C3B182A93FDE0002A7AF7 /* PageView.swift */ = {isa = PBXFileReference; lastKnownFileType = sourcecode.swift; path = PageView.swift; sourceTree = "<group>"; };
		AA4C3B1A2A956A3D002A7AF7 /* PageControl.swift */ = {isa = PBXFileReference; lastKnownFileType = sourcecode.swift; path = PageControl.swift; sourceTree = "<group>"; };
		AA5452622A831AFE00251168 /* Badge.swift */ = {isa = PBXFileReference; lastKnownFileType = sourcecode.swift; path = Badge.swift; sourceTree = "<group>"; };
		AA5452642A831BB800251168 /* RotatedBadgeSymbol.swift */ = {isa = PBXFileReference; lastKnownFileType = sourcecode.swift; path = RotatedBadgeSymbol.swift; sourceTree = "<group>"; };
		AA545B982A97D5B600F4BCF6 /* WatchLandmarks Watch App.app */ = {isa = PBXFileReference; explicitFileType = wrapper.application; includeInIndex = 0; path = "WatchLandmarks Watch App.app"; sourceTree = BUILT_PRODUCTS_DIR; };
		AA545B9C2A97D5B600F4BCF6 /* ContentView.swift */ = {isa = PBXFileReference; lastKnownFileType = sourcecode.swift; path = ContentView.swift; sourceTree = "<group>"; };
		AA545B9E2A97D5B700F4BCF6 /* Assets.xcassets */ = {isa = PBXFileReference; lastKnownFileType = folder.assetcatalog; path = Assets.xcassets; sourceTree = "<group>"; };
		AA545BA12A97D5B700F4BCF6 /* Preview Assets.xcassets */ = {isa = PBXFileReference; lastKnownFileType = folder.assetcatalog; path = "Preview Assets.xcassets"; sourceTree = "<group>"; };
		AA545BA72A97D5B700F4BCF6 /* WatchLandmarks Watch AppTests.xctest */ = {isa = PBXFileReference; explicitFileType = wrapper.cfbundle; includeInIndex = 0; path = "WatchLandmarks Watch AppTests.xctest"; sourceTree = BUILT_PRODUCTS_DIR; };
		AA545BAB2A97D5B700F4BCF6 /* WatchLandmarks_Watch_AppTests.swift */ = {isa = PBXFileReference; lastKnownFileType = sourcecode.swift; path = WatchLandmarks_Watch_AppTests.swift; sourceTree = "<group>"; };
		AA545BB12A97D5B700F4BCF6 /* WatchLandmarks Watch AppUITests.xctest */ = {isa = PBXFileReference; explicitFileType = wrapper.cfbundle; includeInIndex = 0; path = "WatchLandmarks Watch AppUITests.xctest"; sourceTree = BUILT_PRODUCTS_DIR; };
		AA545BB52A97D5B700F4BCF6 /* WatchLandmarks_Watch_AppUITests.swift */ = {isa = PBXFileReference; lastKnownFileType = sourcecode.swift; path = WatchLandmarks_Watch_AppUITests.swift; sourceTree = "<group>"; };
		AA545BB72A97D5B700F4BCF6 /* WatchLandmarks_Watch_AppUITestsLaunchTests.swift */ = {isa = PBXFileReference; lastKnownFileType = sourcecode.swift; path = WatchLandmarks_Watch_AppUITestsLaunchTests.swift; sourceTree = "<group>"; };
		AA545BD12A980FA400F4BCF6 /* LandmarkDetail.swift */ = {isa = PBXFileReference; lastKnownFileType = sourcecode.swift; path = LandmarkDetail.swift; sourceTree = "<group>"; };
		AA545BD32A981C1800F4BCF6 /* NotificationView.swift */ = {isa = PBXFileReference; lastKnownFileType = sourcecode.swift; path = NotificationView.swift; sourceTree = "<group>"; };
		AA545BD52A981DDF00F4BCF6 /* NotificationController.swift */ = {isa = PBXFileReference; lastKnownFileType = sourcecode.swift; path = NotificationController.swift; sourceTree = "<group>"; };
		AA6EF9C52A994995007C5BA3 /* PushNotificationPayload.apns */ = {isa = PBXFileReference; lastKnownFileType = text; path = PushNotificationPayload.apns; sourceTree = "<group>"; };
		AA7BF6782A9059FA007E381A /* CategoryHome.swift */ = {isa = PBXFileReference; lastKnownFileType = sourcecode.swift; path = CategoryHome.swift; sourceTree = "<group>"; };
		AA7BF67A2A906533007E381A /* CategoryRow.swift */ = {isa = PBXFileReference; lastKnownFileType = sourcecode.swift; path = CategoryRow.swift; sourceTree = "<group>"; };
		AA7BF67C2A9069F7007E381A /* CategoryItem.swift */ = {isa = PBXFileReference; lastKnownFileType = sourcecode.swift; path = CategoryItem.swift; sourceTree = "<group>"; };
		AAC9FC092A84313200E2F12E /* hikeData.json */ = {isa = PBXFileReference; fileEncoding = 4; lastKnownFileType = text.json; path = hikeData.json; sourceTree = "<group>"; };
		AAC9FC0B2A84314C00E2F12E /* Hike.swift */ = {isa = PBXFileReference; lastKnownFileType = sourcecode.swift; path = Hike.swift; sourceTree = "<group>"; };
		AAC9FC0E2A84362200E2F12E /* GraphCapsule.swift */ = {isa = PBXFileReference; lastKnownFileType = sourcecode.swift; path = GraphCapsule.swift; sourceTree = "<group>"; };
		AAC9FC102A84363200E2F12E /* HikeDetail.swift */ = {isa = PBXFileReference; lastKnownFileType = sourcecode.swift; path = HikeDetail.swift; sourceTree = "<group>"; };
		AAC9FC142A84366100E2F12E /* HikeView.swift */ = {isa = PBXFileReference; lastKnownFileType = sourcecode.swift; path = HikeView.swift; sourceTree = "<group>"; };
		AAC9FC162A84367200E2F12E /* HikeGraph.swift */ = {isa = PBXFileReference; lastKnownFileType = sourcecode.swift; path = HikeGraph.swift; sourceTree = "<group>"; };
		AADA9F5B29ECE20B00D24BFD /* CircleImage.swift */ = {isa = PBXFileReference; lastKnownFileType = sourcecode.swift; path = CircleImage.swift; sourceTree = "<group>"; };
		AADA9F5D29ECE3B900D24BFD /* MapView.swift */ = {isa = PBXFileReference; lastKnownFileType = sourcecode.swift; path = MapView.swift; sourceTree = "<group>"; };
		AADAEDAC2A79C06700D4F0F3 /* landmarkData.json */ = {isa = PBXFileReference; fileEncoding = 4; lastKnownFileType = text.json; path = landmarkData.json; sourceTree = "<group>"; };
		AADAEDAE2A79C09800D4F0F3 /* Landmark.swift */ = {isa = PBXFileReference; lastKnownFileType = sourcecode.swift; path = Landmark.swift; sourceTree = "<group>"; };
		AADAEDB02A79C35600D4F0F3 /* ModelData.swift */ = {isa = PBXFileReference; lastKnownFileType = sourcecode.swift; path = ModelData.swift; sourceTree = "<group>"; };
		AADAEDB52A79C8E700D4F0F3 /* LandmarkRow.swift */ = {isa = PBXFileReference; lastKnownFileType = sourcecode.swift; path = LandmarkRow.swift; sourceTree = "<group>"; };
		AADAEDB72A79CBCC00D4F0F3 /* LandmarkList.swift */ = {isa = PBXFileReference; lastKnownFileType = sourcecode.swift; path = LandmarkList.swift; sourceTree = "<group>"; };
		AADAEDB92A79D1A300D4F0F3 /* LandmarkDetail.swift */ = {isa = PBXFileReference; lastKnownFileType = sourcecode.swift; path = LandmarkDetail.swift; sourceTree = "<group>"; };
		AAE7AC522A91B8440058C942 /* Profile.swift */ = {isa = PBXFileReference; lastKnownFileType = sourcecode.swift; path = Profile.swift; sourceTree = "<group>"; };
		AAE7AC552A91BF930058C942 /* ProfileHost.swift */ = {isa = PBXFileReference; lastKnownFileType = sourcecode.swift; path = ProfileHost.swift; sourceTree = "<group>"; };
		AAE7AC572A91C0C20058C942 /* ProfileSummary.swift */ = {isa = PBXFileReference; lastKnownFileType = sourcecode.swift; path = ProfileSummary.swift; sourceTree = "<group>"; };
		AAE7AC592A91C6BC0058C942 /* HikeBadge.swift */ = {isa = PBXFileReference; lastKnownFileType = sourcecode.swift; path = HikeBadge.swift; sourceTree = "<group>"; };
		AAE7AC5D2A92BDCB0058C942 /* ProfileEditor.swift */ = {isa = PBXFileReference; lastKnownFileType = sourcecode.swift; path = ProfileEditor.swift; sourceTree = "<group>"; };
/* End PBXFileReference section */

/* Begin PBXFrameworksBuildPhase section */
		AA33A14129ECA5A900715138 /* Frameworks */ = {
			isa = PBXFrameworksBuildPhase;
			buildActionMask = 2147483647;
			files = (
			);
			runOnlyForDeploymentPostprocessing = 0;
		};
		AA33A15129ECA5AA00715138 /* Frameworks */ = {
			isa = PBXFrameworksBuildPhase;
			buildActionMask = 2147483647;
			files = (
			);
			runOnlyForDeploymentPostprocessing = 0;
		};
		AA33A15B29ECA5AA00715138 /* Frameworks */ = {
			isa = PBXFrameworksBuildPhase;
			buildActionMask = 2147483647;
			files = (
			);
			runOnlyForDeploymentPostprocessing = 0;
		};
		AA545B952A97D5B600F4BCF6 /* Frameworks */ = {
			isa = PBXFrameworksBuildPhase;
			buildActionMask = 2147483647;
			files = (
			);
			runOnlyForDeploymentPostprocessing = 0;
		};
		AA545BA42A97D5B700F4BCF6 /* Frameworks */ = {
			isa = PBXFrameworksBuildPhase;
			buildActionMask = 2147483647;
			files = (
			);
			runOnlyForDeploymentPostprocessing = 0;
		};
		AA545BAE2A97D5B700F4BCF6 /* Frameworks */ = {
			isa = PBXFrameworksBuildPhase;
			buildActionMask = 2147483647;
			files = (
			);
			runOnlyForDeploymentPostprocessing = 0;
		};
/* End PBXFrameworksBuildPhase section */

/* Begin PBXGroup section */
		AA0AE1EB2A7CA6440074A8E3 /* Landmarks */ = {
			isa = PBXGroup;
			children = (
				AADAEDB72A79CBCC00D4F0F3 /* LandmarkList.swift */,
				AADAEDB52A79C8E700D4F0F3 /* LandmarkRow.swift */,
				AADAEDB92A79D1A300D4F0F3 /* LandmarkDetail.swift */,
			);
			path = Landmarks;
			sourceTree = "<group>";
		};
		AA0AE1EC2A7CA68D0074A8E3 /* Helpers */ = {
			isa = PBXGroup;
			children = (
				AADA9F5B29ECE20B00D24BFD /* CircleImage.swift */,
				AADA9F5D29ECE3B900D24BFD /* MapView.swift */,
				AA0AE1E92A7CA4BA0074A8E3 /* FavoriteButton.swift */,
			);
			path = Helpers;
			sourceTree = "<group>";
		};
		AA33A13B29ECA5A900715138 = {
			isa = PBXGroup;
			children = (
				AA33A14629ECA5A900715138 /* Landmarks */,
				AA33A15729ECA5AA00715138 /* LandmarksTests */,
				AA33A16129ECA5AA00715138 /* LandmarksUITests */,
				AA545B992A97D5B600F4BCF6 /* WatchLandmarks Watch App */,
				AA545BAA2A97D5B700F4BCF6 /* WatchLandmarks Watch AppTests */,
				AA545BB42A97D5B700F4BCF6 /* WatchLandmarks Watch AppUITests */,
				AA33A14529ECA5A900715138 /* Products */,
			);
			sourceTree = "<group>";
		};
		AA33A14529ECA5A900715138 /* Products */ = {
			isa = PBXGroup;
			children = (
				AA33A14429ECA5A900715138 /* Landmarks.app */,
				AA33A15429ECA5AA00715138 /* LandmarksTests.xctest */,
				AA33A15E29ECA5AA00715138 /* LandmarksUITests.xctest */,
				AA545B982A97D5B600F4BCF6 /* WatchLandmarks Watch App.app */,
				AA545BA72A97D5B700F4BCF6 /* WatchLandmarks Watch AppTests.xctest */,
				AA545BB12A97D5B700F4BCF6 /* WatchLandmarks Watch AppUITests.xctest */,
			);
			name = Products;
			sourceTree = "<group>";
		};
		AA33A14629ECA5A900715138 /* Landmarks */ = {
			isa = PBXGroup;
			children = (
				AA33A14729ECA5A900715138 /* LandmarksApp.swift */,
				AADAEDB22A79C60A00D4F0F3 /* Views */,
				AADAEDB32A79C61C00D4F0F3 /* Model */,
				AADAEDB42A79C63300D4F0F3 /* Resources */,
				AA33A14B29ECA5AA00715138 /* Assets.xcassets */,
				AA33A14D29ECA5AA00715138 /* Preview Content */,
			);
			path = Landmarks;
			sourceTree = "<group>";
		};
		AA33A14D29ECA5AA00715138 /* Preview Content */ = {
			isa = PBXGroup;
			children = (
				AA33A14E29ECA5AA00715138 /* Preview Assets.xcassets */,
			);
			path = "Preview Content";
			sourceTree = "<group>";
		};
		AA33A15729ECA5AA00715138 /* LandmarksTests */ = {
			isa = PBXGroup;
			children = (
				AA33A15829ECA5AA00715138 /* LandmarksTests.swift */,
			);
			path = LandmarksTests;
			sourceTree = "<group>";
		};
		AA33A16129ECA5AA00715138 /* LandmarksUITests */ = {
			isa = PBXGroup;
			children = (
				AA33A16229ECA5AA00715138 /* LandmarksUITests.swift */,
				AA33A16429ECA5AA00715138 /* LandmarksUITestsLaunchTests.swift */,
			);
			path = LandmarksUITests;
			sourceTree = "<group>";
		};
		AA4C3B132A93F5BC002A7AF7 /* PageVeiw */ = {
			isa = PBXGroup;
			children = (
				AA4C3B182A93FDE0002A7AF7 /* PageView.swift */,
				AA4C3B1A2A956A3D002A7AF7 /* PageControl.swift */,
				AA4C3B142A93F618002A7AF7 /* PageViewController.swift */,
				AA4C3B162A93FA42002A7AF7 /* FeatureCard.swift */,
			);
			path = PageVeiw;
			sourceTree = "<group>";
		};
		AA5452662A831EDA00251168 /* Badges */ = {
			isa = PBXGroup;
			children = (
				AA5452622A831AFE00251168 /* Badge.swift */,
				AA050A902A7F3C07005102FA /* HexagonParaters.swift */,
				AA050A922A7F4089005102FA /* BadgeBackground.swift */,
				AA050A942A806935005102FA /* BadgeSymbol.swift */,
				AA5452642A831BB800251168 /* RotatedBadgeSymbol.swift */,
			);
			path = Badges;
			sourceTree = "<group>";
		};
		AA545B992A97D5B600F4BCF6 /* WatchLandmarks Watch App */ = {
			isa = PBXGroup;
			children = (
				AA545B9C2A97D5B600F4BCF6 /* ContentView.swift */,
				AA545BD32A981C1800F4BCF6 /* NotificationView.swift */,
				AA545BD52A981DDF00F4BCF6 /* NotificationController.swift */,
				AA545BD12A980FA400F4BCF6 /* LandmarkDetail.swift */,
				AA545B9E2A97D5B700F4BCF6 /* Assets.xcassets */,
				AA545BA02A97D5B700F4BCF6 /* Preview Content */,
				AA6EF9C52A994995007C5BA3 /* PushNotificationPayload.apns */,
			);
			path = "WatchLandmarks Watch App";
			sourceTree = "<group>";
		};
		AA545BA02A97D5B700F4BCF6 /* Preview Content */ = {
			isa = PBXGroup;
			children = (
				AA545BA12A97D5B700F4BCF6 /* Preview Assets.xcassets */,
			);
			path = "Preview Content";
			sourceTree = "<group>";
		};
		AA545BAA2A97D5B700F4BCF6 /* WatchLandmarks Watch AppTests */ = {
			isa = PBXGroup;
			children = (
				AA545BAB2A97D5B700F4BCF6 /* WatchLandmarks_Watch_AppTests.swift */,
			);
			path = "WatchLandmarks Watch AppTests";
			sourceTree = "<group>";
		};
		AA545BB42A97D5B700F4BCF6 /* WatchLandmarks Watch AppUITests */ = {
			isa = PBXGroup;
			children = (
				AA545BB52A97D5B700F4BCF6 /* WatchLandmarks_Watch_AppUITests.swift */,
				AA545BB72A97D5B700F4BCF6 /* WatchLandmarks_Watch_AppUITestsLaunchTests.swift */,
			);
			path = "WatchLandmarks Watch AppUITests";
			sourceTree = "<group>";
		};
		AA7BF6772A9059C6007E381A /* Categories */ = {
			isa = PBXGroup;
			children = (
				AA7BF6782A9059FA007E381A /* CategoryHome.swift */,
				AA7BF67A2A906533007E381A /* CategoryRow.swift */,
				AA7BF67C2A9069F7007E381A /* CategoryItem.swift */,
			);
			path = Categories;
			sourceTree = "<group>";
		};
		AAC9FC0D2A84357B00E2F12E /* Hikes */ = {
			isa = PBXGroup;
			children = (
				AAC9FC142A84366100E2F12E /* HikeView.swift */,
				AAC9FC102A84363200E2F12E /* HikeDetail.swift */,
				AAC9FC162A84367200E2F12E /* HikeGraph.swift */,
				AAC9FC0E2A84362200E2F12E /* GraphCapsule.swift */,
				AAE7AC592A91C6BC0058C942 /* HikeBadge.swift */,
			);
			path = Hikes;
			sourceTree = "<group>";
		};
		AADAEDB22A79C60A00D4F0F3 /* Views */ = {
			isa = PBXGroup;
			children = (
				AA33A14929ECA5A900715138 /* ContentView.swift */,
				AA4C3B132A93F5BC002A7AF7 /* PageVeiw */,
				AAE7AC542A91BF660058C942 /* Profiles */,
				AA7BF6772A9059C6007E381A /* Categories */,
				AA0AE1EB2A7CA6440074A8E3 /* Landmarks */,
				AAC9FC0D2A84357B00E2F12E /* Hikes */,
				AA0AE1EC2A7CA68D0074A8E3 /* Helpers */,
				AA5452662A831EDA00251168 /* Badges */,
			);
			path = Views;
			sourceTree = "<group>";
		};
		AADAEDB32A79C61C00D4F0F3 /* Model */ = {
			isa = PBXGroup;
			children = (
				AADAEDAE2A79C09800D4F0F3 /* Landmark.swift */,
				AADAEDB02A79C35600D4F0F3 /* ModelData.swift */,
				AAC9FC0B2A84314C00E2F12E /* Hike.swift */,
				AAE7AC522A91B8440058C942 /* Profile.swift */,
			);
			path = Model;
			sourceTree = "<group>";
		};
		AADAEDB42A79C63300D4F0F3 /* Resources */ = {
			isa = PBXGroup;
			children = (
				AAC9FC092A84313200E2F12E /* hikeData.json */,
				AADAEDAC2A79C06700D4F0F3 /* landmarkData.json */,
			);
			path = Resources;
			sourceTree = "<group>";
		};
		AAE7AC542A91BF660058C942 /* Profiles */ = {
			isa = PBXGroup;
			children = (
				AAE7AC552A91BF930058C942 /* ProfileHost.swift */,
				AAE7AC5D2A92BDCB0058C942 /* ProfileEditor.swift */,
				AAE7AC572A91C0C20058C942 /* ProfileSummary.swift */,
			);
			path = Profiles;
			sourceTree = "<group>";
		};
/* End PBXGroup section */

/* Begin PBXNativeTarget section */
		AA33A14329ECA5A900715138 /* Landmarks */ = {
			isa = PBXNativeTarget;
			buildConfigurationList = AA33A16829ECA5AA00715138 /* Build configuration list for PBXNativeTarget "Landmarks" */;
			buildPhases = (
				AA33A14029ECA5A900715138 /* Sources */,
				AA33A14129ECA5A900715138 /* Frameworks */,
				AA33A14229ECA5A900715138 /* Resources */,
				AA7CE2422A97D41B00392BD9 /* Embed Watch Content */,
			);
			buildRules = (
			);
			dependencies = (
				AA545BBA2A97D5B700F4BCF6 /* PBXTargetDependency */,
			);
			name = Landmarks;
			productName = Landmarks;
			productReference = AA33A14429ECA5A900715138 /* Landmarks.app */;
			productType = "com.apple.product-type.application";
		};
		AA33A15329ECA5AA00715138 /* LandmarksTests */ = {
			isa = PBXNativeTarget;
			buildConfigurationList = AA33A16B29ECA5AA00715138 /* Build configuration list for PBXNativeTarget "LandmarksTests" */;
			buildPhases = (
				AA33A15029ECA5AA00715138 /* Sources */,
				AA33A15129ECA5AA00715138 /* Frameworks */,
				AA33A15229ECA5AA00715138 /* Resources */,
			);
			buildRules = (
			);
			dependencies = (
				AA33A15629ECA5AA00715138 /* PBXTargetDependency */,
			);
			name = LandmarksTests;
			productName = LandmarksTests;
			productReference = AA33A15429ECA5AA00715138 /* LandmarksTests.xctest */;
			productType = "com.apple.product-type.bundle.unit-test";
		};
		AA33A15D29ECA5AA00715138 /* LandmarksUITests */ = {
			isa = PBXNativeTarget;
			buildConfigurationList = AA33A16E29ECA5AA00715138 /* Build configuration list for PBXNativeTarget "LandmarksUITests" */;
			buildPhases = (
				AA33A15A29ECA5AA00715138 /* Sources */,
				AA33A15B29ECA5AA00715138 /* Frameworks */,
				AA33A15C29ECA5AA00715138 /* Resources */,
			);
			buildRules = (
			);
			dependencies = (
				AA33A16029ECA5AA00715138 /* PBXTargetDependency */,
			);
			name = LandmarksUITests;
			productName = LandmarksUITests;
			productReference = AA33A15E29ECA5AA00715138 /* LandmarksUITests.xctest */;
			productType = "com.apple.product-type.bundle.ui-testing";
		};
		AA545B972A97D5B600F4BCF6 /* WatchLandmarks Watch App */ = {
			isa = PBXNativeTarget;
			buildConfigurationList = AA545BBC2A97D5B700F4BCF6 /* Build configuration list for PBXNativeTarget "WatchLandmarks Watch App" */;
			buildPhases = (
				AA545B942A97D5B600F4BCF6 /* Sources */,
				AA545B952A97D5B600F4BCF6 /* Frameworks */,
				AA545B962A97D5B600F4BCF6 /* Resources */,
			);
			buildRules = (
			);
			dependencies = (
			);
			name = "WatchLandmarks Watch App";
			productName = "WatchLandmarks Watch App";
			productReference = AA545B982A97D5B600F4BCF6 /* WatchLandmarks Watch App.app */;
			productType = "com.apple.product-type.application";
		};
		AA545BA62A97D5B700F4BCF6 /* WatchLandmarks Watch AppTests */ = {
			isa = PBXNativeTarget;
			buildConfigurationList = AA545BBF2A97D5B700F4BCF6 /* Build configuration list for PBXNativeTarget "WatchLandmarks Watch AppTests" */;
			buildPhases = (
				AA545BA32A97D5B700F4BCF6 /* Sources */,
				AA545BA42A97D5B700F4BCF6 /* Frameworks */,
				AA545BA52A97D5B700F4BCF6 /* Resources */,
			);
			buildRules = (
			);
			dependencies = (
				AA545BA92A97D5B700F4BCF6 /* PBXTargetDependency */,
			);
			name = "WatchLandmarks Watch AppTests";
			productName = "WatchLandmarks Watch AppTests";
			productReference = AA545BA72A97D5B700F4BCF6 /* WatchLandmarks Watch AppTests.xctest */;
			productType = "com.apple.product-type.bundle.unit-test";
		};
		AA545BB02A97D5B700F4BCF6 /* WatchLandmarks Watch AppUITests */ = {
			isa = PBXNativeTarget;
			buildConfigurationList = AA545BC22A97D5B700F4BCF6 /* Build configuration list for PBXNativeTarget "WatchLandmarks Watch AppUITests" */;
			buildPhases = (
				AA545BAD2A97D5B700F4BCF6 /* Sources */,
				AA545BAE2A97D5B700F4BCF6 /* Frameworks */,
				AA545BAF2A97D5B700F4BCF6 /* Resources */,
			);
			buildRules = (
			);
			dependencies = (
				AA545BB32A97D5B700F4BCF6 /* PBXTargetDependency */,
			);
			name = "WatchLandmarks Watch AppUITests";
			productName = "WatchLandmarks Watch AppUITests";
			productReference = AA545BB12A97D5B700F4BCF6 /* WatchLandmarks Watch AppUITests.xctest */;
			productType = "com.apple.product-type.bundle.ui-testing";
		};
/* End PBXNativeTarget section */

/* Begin PBXProject section */
		AA33A13C29ECA5A900715138 /* Project object */ = {
			isa = PBXProject;
			attributes = {
				BuildIndependentTargetsInParallel = 1;
				LastSwiftUpdateCheck = 1430;
				LastUpgradeCheck = 1430;
				TargetAttributes = {
					AA33A14329ECA5A900715138 = {
						CreatedOnToolsVersion = 14.3;
					};
					AA33A15329ECA5AA00715138 = {
						CreatedOnToolsVersion = 14.3;
						TestTargetID = AA33A14329ECA5A900715138;
					};
					AA33A15D29ECA5AA00715138 = {
						CreatedOnToolsVersion = 14.3;
						TestTargetID = AA33A14329ECA5A900715138;
					};
					AA545B972A97D5B600F4BCF6 = {
						CreatedOnToolsVersion = 14.3.1;
					};
					AA545BA62A97D5B700F4BCF6 = {
						CreatedOnToolsVersion = 14.3.1;
						TestTargetID = AA545B972A97D5B600F4BCF6;
					};
					AA545BB02A97D5B700F4BCF6 = {
						CreatedOnToolsVersion = 14.3.1;
						TestTargetID = AA545B972A97D5B600F4BCF6;
					};
				};
			};
			buildConfigurationList = AA33A13F29ECA5A900715138 /* Build configuration list for PBXProject "Landmarks" */;
			compatibilityVersion = "Xcode 14.0";
			developmentRegion = en;
			hasScannedForEncodings = 0;
			knownRegions = (
				en,
				Base,
			);
			mainGroup = AA33A13B29ECA5A900715138;
			productRefGroup = AA33A14529ECA5A900715138 /* Products */;
			projectDirPath = "";
			projectRoot = "";
			targets = (
				AA33A14329ECA5A900715138 /* Landmarks */,
				AA545B972A97D5B600F4BCF6 /* WatchLandmarks Watch App */,
				AA33A15329ECA5AA00715138 /* LandmarksTests */,
				AA33A15D29ECA5AA00715138 /* LandmarksUITests */,
				AA545BA62A97D5B700F4BCF6 /* WatchLandmarks Watch AppTests */,
				AA545BB02A97D5B700F4BCF6 /* WatchLandmarks Watch AppUITests */,
			);
		};
/* End PBXProject section */

/* Begin PBXResourcesBuildPhase section */
		AA33A14229ECA5A900715138 /* Resources */ = {
			isa = PBXResourcesBuildPhase;
			buildActionMask = 2147483647;
			files = (
				AAC9FC0A2A84313200E2F12E /* hikeData.json in Resources */,
				AA33A14F29ECA5AA00715138 /* Preview Assets.xcassets in Resources */,
				AA33A14C29ECA5AA00715138 /* Assets.xcassets in Resources */,
				AADAEDAD2A79C06700D4F0F3 /* landmarkData.json in Resources */,
			);
			runOnlyForDeploymentPostprocessing = 0;
		};
		AA33A15229ECA5AA00715138 /* Resources */ = {
			isa = PBXResourcesBuildPhase;
			buildActionMask = 2147483647;
			files = (
			);
			runOnlyForDeploymentPostprocessing = 0;
		};
		AA33A15C29ECA5AA00715138 /* Resources */ = {
			isa = PBXResourcesBuildPhase;
			buildActionMask = 2147483647;
			files = (
			);
			runOnlyForDeploymentPostprocessing = 0;
		};
		AA545B962A97D5B600F4BCF6 /* Resources */ = {
			isa = PBXResourcesBuildPhase;
			buildActionMask = 2147483647;
			files = (
				AA545BA22A97D5B700F4BCF6 /* Preview Assets.xcassets in Resources */,
				AA545BCA2A980D9200F4BCF6 /* landmarkData.json in Resources */,
				AA545BC92A980D9200F4BCF6 /* Assets.xcassets in Resources */,
				AA545B9F2A97D5B700F4BCF6 /* Assets.xcassets in Resources */,
				AA545BCE2A980D9200F4BCF6 /* hikeData.json in Resources */,
			);
			runOnlyForDeploymentPostprocessing = 0;
		};
		AA545BA52A97D5B700F4BCF6 /* Resources */ = {
			isa = PBXResourcesBuildPhase;
			buildActionMask = 2147483647;
			files = (
			);
			runOnlyForDeploymentPostprocessing = 0;
		};
		AA545BAF2A97D5B700F4BCF6 /* Resources */ = {
			isa = PBXResourcesBuildPhase;
			buildActionMask = 2147483647;
			files = (
			);
			runOnlyForDeploymentPostprocessing = 0;
		};
/* End PBXResourcesBuildPhase section */

/* Begin PBXSourcesBuildPhase section */
		AA33A14029ECA5A900715138 /* Sources */ = {
			isa = PBXSourcesBuildPhase;
			buildActionMask = 2147483647;
			files = (
				AA7BF67B2A906533007E381A /* CategoryRow.swift in Sources */,
				AAE7AC532A91B8440058C942 /* Profile.swift in Sources */,
				AA33A14A29ECA5A900715138 /* ContentView.swift in Sources */,
				AA7BF6792A9059FA007E381A /* CategoryHome.swift in Sources */,
				AA4C3B172A93FA42002A7AF7 /* FeatureCard.swift in Sources */,
				AADAEDAF2A79C09800D4F0F3 /* Landmark.swift in Sources */,
				AADA9F5E29ECE3B900D24BFD /* MapView.swift in Sources */,
				AAC9FC0F2A84362200E2F12E /* GraphCapsule.swift in Sources */,
				AA0AE1EA2A7CA4BA0074A8E3 /* FavoriteButton.swift in Sources */,
				AADAEDB82A79CBCC00D4F0F3 /* LandmarkList.swift in Sources */,
				AA4C3B1B2A956A3D002A7AF7 /* PageControl.swift in Sources */,
				AA050A952A806935005102FA /* BadgeSymbol.swift in Sources */,
				AA7BF67D2A9069F7007E381A /* CategoryItem.swift in Sources */,
				AAC9FC0C2A84314C00E2F12E /* Hike.swift in Sources */,
				AAE7AC582A91C0C20058C942 /* ProfileSummary.swift in Sources */,
				AA33A14829ECA5A900715138 /* LandmarksApp.swift in Sources */,
				AAE7AC562A91BF930058C942 /* ProfileHost.swift in Sources */,
				AA5452632A831AFE00251168 /* Badge.swift in Sources */,
				AA5452652A831BB800251168 /* RotatedBadgeSymbol.swift in Sources */,
				AA4C3B192A93FDE0002A7AF7 /* PageView.swift in Sources */,
				AAC9FC112A84363200E2F12E /* HikeDetail.swift in Sources */,
				AAE7AC5E2A92BDCB0058C942 /* ProfileEditor.swift in Sources */,
				AAC9FC152A84366100E2F12E /* HikeView.swift in Sources */,
				AAC9FC172A84367200E2F12E /* HikeGraph.swift in Sources */,
				AA050A912A7F3C07005102FA /* HexagonParaters.swift in Sources */,
				AA4C3B152A93F618002A7AF7 /* PageViewController.swift in Sources */,
				AA050A932A7F4089005102FA /* BadgeBackground.swift in Sources */,
				AAE7AC5A2A91C6BC0058C942 /* HikeBadge.swift in Sources */,
				AADA9F5C29ECE20B00D24BFD /* CircleImage.swift in Sources */,
				AADAEDB62A79C8E700D4F0F3 /* LandmarkRow.swift in Sources */,
				AADAEDB12A79C35600D4F0F3 /* ModelData.swift in Sources */,
				AADAEDBA2A79D1A300D4F0F3 /* LandmarkDetail.swift in Sources */,
			);
			runOnlyForDeploymentPostprocessing = 0;
		};
		AA33A15029ECA5AA00715138 /* Sources */ = {
			isa = PBXSourcesBuildPhase;
			buildActionMask = 2147483647;
			files = (
				AA33A15929ECA5AA00715138 /* LandmarksTests.swift in Sources */,
			);
			runOnlyForDeploymentPostprocessing = 0;
		};
		AA33A15A29ECA5AA00715138 /* Sources */ = {
			isa = PBXSourcesBuildPhase;
			buildActionMask = 2147483647;
			files = (
				AA33A16529ECA5AA00715138 /* LandmarksUITestsLaunchTests.swift in Sources */,
				AA33A16329ECA5AA00715138 /* LandmarksUITests.swift in Sources */,
			);
			runOnlyForDeploymentPostprocessing = 0;
		};
		AA545B942A97D5B600F4BCF6 /* Sources */ = {
			isa = PBXSourcesBuildPhase;
			buildActionMask = 2147483647;
			files = (
				AA545BC52A980D9200F4BCF6 /* LandmarkRow.swift in Sources */,
				AA545BCB2A980D9200F4BCF6 /* LandmarksApp.swift in Sources */,
				AA545BC82A980D9200F4BCF6 /* Profile.swift in Sources */,
				AA545BCD2A980D9200F4BCF6 /* LandmarkList.swift in Sources */,
				AA545B9D2A97D5B600F4BCF6 /* ContentView.swift in Sources */,
				AA545BCF2A980D9200F4BCF6 /* CircleImage.swift in Sources */,
				AA545BC72A980D9200F4BCF6 /* Hike.swift in Sources */,
				AA545BD02A980D9200F4BCF6 /* MapView.swift in Sources */,
				AA545BC62A980D9200F4BCF6 /* Landmark.swift in Sources */,
				AA545BD62A981DDF00F4BCF6 /* NotificationController.swift in Sources */,
				AA545BCC2A980D9200F4BCF6 /* ModelData.swift in Sources */,
				AA545BD22A980FA400F4BCF6 /* LandmarkDetail.swift in Sources */,
				AA545BD42A981C1800F4BCF6 /* NotificationView.swift in Sources */,
			);
			runOnlyForDeploymentPostprocessing = 0;
		};
		AA545BA32A97D5B700F4BCF6 /* Sources */ = {
			isa = PBXSourcesBuildPhase;
			buildActionMask = 2147483647;
			files = (
				AA545BAC2A97D5B700F4BCF6 /* WatchLandmarks_Watch_AppTests.swift in Sources */,
			);
			runOnlyForDeploymentPostprocessing = 0;
		};
		AA545BAD2A97D5B700F4BCF6 /* Sources */ = {
			isa = PBXSourcesBuildPhase;
			buildActionMask = 2147483647;
			files = (
				AA545BB82A97D5B700F4BCF6 /* WatchLandmarks_Watch_AppUITestsLaunchTests.swift in Sources */,
				AA545BB62A97D5B700F4BCF6 /* WatchLandmarks_Watch_AppUITests.swift in Sources */,
			);
			runOnlyForDeploymentPostprocessing = 0;
		};
/* End PBXSourcesBuildPhase section */

/* Begin PBXTargetDependency section */
		AA33A15629ECA5AA00715138 /* PBXTargetDependency */ = {
			isa = PBXTargetDependency;
			target = AA33A14329ECA5A900715138 /* Landmarks */;
			targetProxy = AA33A15529ECA5AA00715138 /* PBXContainerItemProxy */;
		};
		AA33A16029ECA5AA00715138 /* PBXTargetDependency */ = {
			isa = PBXTargetDependency;
			target = AA33A14329ECA5A900715138 /* Landmarks */;
			targetProxy = AA33A15F29ECA5AA00715138 /* PBXContainerItemProxy */;
		};
		AA545BA92A97D5B700F4BCF6 /* PBXTargetDependency */ = {
			isa = PBXTargetDependency;
			target = AA545B972A97D5B600F4BCF6 /* WatchLandmarks Watch App */;
			targetProxy = AA545BA82A97D5B700F4BCF6 /* PBXContainerItemProxy */;
		};
		AA545BB32A97D5B700F4BCF6 /* PBXTargetDependency */ = {
			isa = PBXTargetDependency;
			target = AA545B972A97D5B600F4BCF6 /* WatchLandmarks Watch App */;
			targetProxy = AA545BB22A97D5B700F4BCF6 /* PBXContainerItemProxy */;
		};
		AA545BBA2A97D5B700F4BCF6 /* PBXTargetDependency */ = {
			isa = PBXTargetDependency;
			target = AA545B972A97D5B600F4BCF6 /* WatchLandmarks Watch App */;
			targetProxy = AA545BB92A97D5B700F4BCF6 /* PBXContainerItemProxy */;
		};
/* End PBXTargetDependency section */

/* Begin XCBuildConfiguration section */
		AA33A16629ECA5AA00715138 /* Debug */ = {
			isa = XCBuildConfiguration;
			buildSettings = {
				ALWAYS_SEARCH_USER_PATHS = NO;
				CLANG_ANALYZER_NONNULL = YES;
				CLANG_ANALYZER_NUMBER_OBJECT_CONVERSION = YES_AGGRESSIVE;
				CLANG_CXX_LANGUAGE_STANDARD = "gnu++20";
				CLANG_ENABLE_MODULES = YES;
				CLANG_ENABLE_OBJC_ARC = YES;
				CLANG_ENABLE_OBJC_WEAK = YES;
				CLANG_WARN_BLOCK_CAPTURE_AUTORELEASING = YES;
				CLANG_WARN_BOOL_CONVERSION = YES;
				CLANG_WARN_COMMA = YES;
				CLANG_WARN_CONSTANT_CONVERSION = YES;
				CLANG_WARN_DEPRECATED_OBJC_IMPLEMENTATIONS = YES;
				CLANG_WARN_DIRECT_OBJC_ISA_USAGE = YES_ERROR;
				CLANG_WARN_DOCUMENTATION_COMMENTS = YES;
				CLANG_WARN_EMPTY_BODY = YES;
				CLANG_WARN_ENUM_CONVERSION = YES;
				CLANG_WARN_INFINITE_RECURSION = YES;
				CLANG_WARN_INT_CONVERSION = YES;
				CLANG_WARN_NON_LITERAL_NULL_CONVERSION = YES;
				CLANG_WARN_OBJC_IMPLICIT_RETAIN_SELF = YES;
				CLANG_WARN_OBJC_LITERAL_CONVERSION = YES;
				CLANG_WARN_OBJC_ROOT_CLASS = YES_ERROR;
				CLANG_WARN_QUOTED_INCLUDE_IN_FRAMEWORK_HEADER = YES;
				CLANG_WARN_RANGE_LOOP_ANALYSIS = YES;
				CLANG_WARN_STRICT_PROTOTYPES = YES;
				CLANG_WARN_SUSPICIOUS_MOVE = YES;
				CLANG_WARN_UNGUARDED_AVAILABILITY = YES_AGGRESSIVE;
				CLANG_WARN_UNREACHABLE_CODE = YES;
				CLANG_WARN__DUPLICATE_METHOD_MATCH = YES;
				COPY_PHASE_STRIP = NO;
				DEBUG_INFORMATION_FORMAT = dwarf;
				ENABLE_STRICT_OBJC_MSGSEND = YES;
				ENABLE_TESTABILITY = YES;
				GCC_C_LANGUAGE_STANDARD = gnu11;
				GCC_DYNAMIC_NO_PIC = NO;
				GCC_NO_COMMON_BLOCKS = YES;
				GCC_OPTIMIZATION_LEVEL = 0;
				GCC_PREPROCESSOR_DEFINITIONS = (
					"DEBUG=1",
					"$(inherited)",
				);
				GCC_WARN_64_TO_32_BIT_CONVERSION = YES;
				GCC_WARN_ABOUT_RETURN_TYPE = YES_ERROR;
				GCC_WARN_UNDECLARED_SELECTOR = YES;
				GCC_WARN_UNINITIALIZED_AUTOS = YES_AGGRESSIVE;
				GCC_WARN_UNUSED_FUNCTION = YES;
				GCC_WARN_UNUSED_VARIABLE = YES;
				IPHONEOS_DEPLOYMENT_TARGET = 16.4;
				MTL_ENABLE_DEBUG_INFO = INCLUDE_SOURCE;
				MTL_FAST_MATH = YES;
				ONLY_ACTIVE_ARCH = YES;
				SDKROOT = iphoneos;
				SWIFT_ACTIVE_COMPILATION_CONDITIONS = DEBUG;
				SWIFT_OPTIMIZATION_LEVEL = "-Onone";
			};
			name = Debug;
		};
		AA33A16729ECA5AA00715138 /* Release */ = {
			isa = XCBuildConfiguration;
			buildSettings = {
				ALWAYS_SEARCH_USER_PATHS = NO;
				CLANG_ANALYZER_NONNULL = YES;
				CLANG_ANALYZER_NUMBER_OBJECT_CONVERSION = YES_AGGRESSIVE;
				CLANG_CXX_LANGUAGE_STANDARD = "gnu++20";
				CLANG_ENABLE_MODULES = YES;
				CLANG_ENABLE_OBJC_ARC = YES;
				CLANG_ENABLE_OBJC_WEAK = YES;
				CLANG_WARN_BLOCK_CAPTURE_AUTORELEASING = YES;
				CLANG_WARN_BOOL_CONVERSION = YES;
				CLANG_WARN_COMMA = YES;
				CLANG_WARN_CONSTANT_CONVERSION = YES;
				CLANG_WARN_DEPRECATED_OBJC_IMPLEMENTATIONS = YES;
				CLANG_WARN_DIRECT_OBJC_ISA_USAGE = YES_ERROR;
				CLANG_WARN_DOCUMENTATION_COMMENTS = YES;
				CLANG_WARN_EMPTY_BODY = YES;
				CLANG_WARN_ENUM_CONVERSION = YES;
				CLANG_WARN_INFINITE_RECURSION = YES;
				CLANG_WARN_INT_CONVERSION = YES;
				CLANG_WARN_NON_LITERAL_NULL_CONVERSION = YES;
				CLANG_WARN_OBJC_IMPLICIT_RETAIN_SELF = YES;
				CLANG_WARN_OBJC_LITERAL_CONVERSION = YES;
				CLANG_WARN_OBJC_ROOT_CLASS = YES_ERROR;
				CLANG_WARN_QUOTED_INCLUDE_IN_FRAMEWORK_HEADER = YES;
				CLANG_WARN_RANGE_LOOP_ANALYSIS = YES;
				CLANG_WARN_STRICT_PROTOTYPES = YES;
				CLANG_WARN_SUSPICIOUS_MOVE = YES;
				CLANG_WARN_UNGUARDED_AVAILABILITY = YES_AGGRESSIVE;
				CLANG_WARN_UNREACHABLE_CODE = YES;
				CLANG_WARN__DUPLICATE_METHOD_MATCH = YES;
				COPY_PHASE_STRIP = NO;
				DEBUG_INFORMATION_FORMAT = "dwarf-with-dsym";
				ENABLE_NS_ASSERTIONS = NO;
				ENABLE_STRICT_OBJC_MSGSEND = YES;
				GCC_C_LANGUAGE_STANDARD = gnu11;
				GCC_NO_COMMON_BLOCKS = YES;
				GCC_WARN_64_TO_32_BIT_CONVERSION = YES;
				GCC_WARN_ABOUT_RETURN_TYPE = YES_ERROR;
				GCC_WARN_UNDECLARED_SELECTOR = YES;
				GCC_WARN_UNINITIALIZED_AUTOS = YES_AGGRESSIVE;
				GCC_WARN_UNUSED_FUNCTION = YES;
				GCC_WARN_UNUSED_VARIABLE = YES;
				IPHONEOS_DEPLOYMENT_TARGET = 16.4;
				MTL_ENABLE_DEBUG_INFO = NO;
				MTL_FAST_MATH = YES;
				SDKROOT = iphoneos;
				SWIFT_COMPILATION_MODE = wholemodule;
				SWIFT_OPTIMIZATION_LEVEL = "-O";
				VALIDATE_PRODUCT = YES;
			};
			name = Release;
		};
		AA33A16929ECA5AA00715138 /* Debug */ = {
			isa = XCBuildConfiguration;
			buildSettings = {
				ALWAYS_EMBED_SWIFT_STANDARD_LIBRARIES = YES;
				ASSETCATALOG_COMPILER_APPICON_NAME = AppIcon;
				ASSETCATALOG_COMPILER_GLOBAL_ACCENT_COLOR_NAME = AccentColor;
				CODE_SIGN_STYLE = Automatic;
				CURRENT_PROJECT_VERSION = 1;
				DEVELOPMENT_ASSET_PATHS = "\"Landmarks/Preview Content\"";
				DEVELOPMENT_TEAM = S7462B5GSX;
				ENABLE_PREVIEWS = YES;
				GENERATE_INFOPLIST_FILE = YES;
				INFOPLIST_KEY_LSApplicationCategoryType = "public.app-category.travel";
				INFOPLIST_KEY_UIApplicationSceneManifest_Generation = YES;
				INFOPLIST_KEY_UIApplicationSupportsIndirectInputEvents = YES;
				INFOPLIST_KEY_UILaunchScreen_Generation = YES;
				INFOPLIST_KEY_UISupportedInterfaceOrientations_iPad = "UIInterfaceOrientationPortrait UIInterfaceOrientationPortraitUpsideDown UIInterfaceOrientationLandscapeLeft UIInterfaceOrientationLandscapeRight";
				INFOPLIST_KEY_UISupportedInterfaceOrientations_iPhone = "UIInterfaceOrientationPortrait UIInterfaceOrientationLandscapeLeft UIInterfaceOrientationLandscapeRight";
				LD_RUNPATH_SEARCH_PATHS = (
					"$(inherited)",
					"@executable_path/Frameworks",
				);
				MARKETING_VERSION = 1.0;
				PRODUCT_BUNDLE_IDENTIFIER = dev.jcsj.Landmarks;
				PRODUCT_NAME = "$(TARGET_NAME)";
				SWIFT_EMIT_LOC_STRINGS = YES;
				SWIFT_VERSION = 5.0;
				TARGETED_DEVICE_FAMILY = "1,2";
			};
			name = Debug;
		};
		AA33A16A29ECA5AA00715138 /* Release */ = {
			isa = XCBuildConfiguration;
			buildSettings = {
				ALWAYS_EMBED_SWIFT_STANDARD_LIBRARIES = YES;
				ASSETCATALOG_COMPILER_APPICON_NAME = AppIcon;
				ASSETCATALOG_COMPILER_GLOBAL_ACCENT_COLOR_NAME = AccentColor;
				CODE_SIGN_STYLE = Automatic;
				CURRENT_PROJECT_VERSION = 1;
				DEVELOPMENT_ASSET_PATHS = "\"Landmarks/Preview Content\"";
				DEVELOPMENT_TEAM = S7462B5GSX;
				ENABLE_PREVIEWS = YES;
				GENERATE_INFOPLIST_FILE = YES;
				INFOPLIST_KEY_LSApplicationCategoryType = "public.app-category.travel";
				INFOPLIST_KEY_UIApplicationSceneManifest_Generation = YES;
				INFOPLIST_KEY_UIApplicationSupportsIndirectInputEvents = YES;
				INFOPLIST_KEY_UILaunchScreen_Generation = YES;
				INFOPLIST_KEY_UISupportedInterfaceOrientations_iPad = "UIInterfaceOrientationPortrait UIInterfaceOrientationPortraitUpsideDown UIInterfaceOrientationLandscapeLeft UIInterfaceOrientationLandscapeRight";
				INFOPLIST_KEY_UISupportedInterfaceOrientations_iPhone = "UIInterfaceOrientationPortrait UIInterfaceOrientationLandscapeLeft UIInterfaceOrientationLandscapeRight";
				LD_RUNPATH_SEARCH_PATHS = (
					"$(inherited)",
					"@executable_path/Frameworks",
				);
				MARKETING_VERSION = 1.0;
				PRODUCT_BUNDLE_IDENTIFIER = dev.jcsj.Landmarks;
				PRODUCT_NAME = "$(TARGET_NAME)";
				SWIFT_EMIT_LOC_STRINGS = YES;
				SWIFT_VERSION = 5.0;
				TARGETED_DEVICE_FAMILY = "1,2";
			};
			name = Release;
		};
		AA33A16C29ECA5AA00715138 /* Debug */ = {
			isa = XCBuildConfiguration;
			buildSettings = {
				ALWAYS_EMBED_SWIFT_STANDARD_LIBRARIES = YES;
				BUNDLE_LOADER = "$(TEST_HOST)";
				CODE_SIGN_STYLE = Automatic;
				CURRENT_PROJECT_VERSION = 1;
				DEVELOPMENT_TEAM = S7462B5GSX;
				GENERATE_INFOPLIST_FILE = YES;
				IPHONEOS_DEPLOYMENT_TARGET = 16.4;
				MARKETING_VERSION = 1.0;
				PRODUCT_BUNDLE_IDENTIFIER = dev.jcsj.LandmarksTests;
				PRODUCT_NAME = "$(TARGET_NAME)";
				SWIFT_EMIT_LOC_STRINGS = NO;
				SWIFT_VERSION = 5.0;
				TARGETED_DEVICE_FAMILY = "1,2";
				TEST_HOST = "$(BUILT_PRODUCTS_DIR)/Landmarks.app/$(BUNDLE_EXECUTABLE_FOLDER_PATH)/Landmarks";
			};
			name = Debug;
		};
		AA33A16D29ECA5AA00715138 /* Release */ = {
			isa = XCBuildConfiguration;
			buildSettings = {
				ALWAYS_EMBED_SWIFT_STANDARD_LIBRARIES = YES;
				BUNDLE_LOADER = "$(TEST_HOST)";
				CODE_SIGN_STYLE = Automatic;
				CURRENT_PROJECT_VERSION = 1;
				DEVELOPMENT_TEAM = S7462B5GSX;
				GENERATE_INFOPLIST_FILE = YES;
				IPHONEOS_DEPLOYMENT_TARGET = 16.4;
				MARKETING_VERSION = 1.0;
				PRODUCT_BUNDLE_IDENTIFIER = dev.jcsj.LandmarksTests;
				PRODUCT_NAME = "$(TARGET_NAME)";
				SWIFT_EMIT_LOC_STRINGS = NO;
				SWIFT_VERSION = 5.0;
				TARGETED_DEVICE_FAMILY = "1,2";
				TEST_HOST = "$(BUILT_PRODUCTS_DIR)/Landmarks.app/$(BUNDLE_EXECUTABLE_FOLDER_PATH)/Landmarks";
			};
			name = Release;
		};
		AA33A16F29ECA5AA00715138 /* Debug */ = {
			isa = XCBuildConfiguration;
			buildSettings = {
				ALWAYS_EMBED_SWIFT_STANDARD_LIBRARIES = YES;
				CODE_SIGN_STYLE = Automatic;
				CURRENT_PROJECT_VERSION = 1;
				DEVELOPMENT_TEAM = S7462B5GSX;
				GENERATE_INFOPLIST_FILE = YES;
				MARKETING_VERSION = 1.0;
				PRODUCT_BUNDLE_IDENTIFIER = dev.jcsj.LandmarksUITests;
				PRODUCT_NAME = "$(TARGET_NAME)";
				SWIFT_EMIT_LOC_STRINGS = NO;
				SWIFT_VERSION = 5.0;
				TARGETED_DEVICE_FAMILY = "1,2";
				TEST_TARGET_NAME = Landmarks;
			};
			name = Debug;
		};
		AA33A17029ECA5AA00715138 /* Release */ = {
			isa = XCBuildConfiguration;
			buildSettings = {
				ALWAYS_EMBED_SWIFT_STANDARD_LIBRARIES = YES;
				CODE_SIGN_STYLE = Automatic;
				CURRENT_PROJECT_VERSION = 1;
				DEVELOPMENT_TEAM = S7462B5GSX;
				GENERATE_INFOPLIST_FILE = YES;
				MARKETING_VERSION = 1.0;
				PRODUCT_BUNDLE_IDENTIFIER = dev.jcsj.LandmarksUITests;
				PRODUCT_NAME = "$(TARGET_NAME)";
				SWIFT_EMIT_LOC_STRINGS = NO;
				SWIFT_VERSION = 5.0;
				TARGETED_DEVICE_FAMILY = "1,2";
				TEST_TARGET_NAME = Landmarks;
			};
			name = Release;
		};
		AA545BBD2A97D5B700F4BCF6 /* Debug */ = {
			isa = XCBuildConfiguration;
			buildSettings = {
				ASSETCATALOG_COMPILER_APPICON_NAME = AppIcon;
				ASSETCATALOG_COMPILER_GLOBAL_ACCENT_COLOR_NAME = AccentColor;
				CODE_SIGN_STYLE = Automatic;
				CURRENT_PROJECT_VERSION = 1;
				DEVELOPMENT_ASSET_PATHS = "\"WatchLandmarks Watch App/Preview Content\"";
				DEVELOPMENT_TEAM = S7462B5GSX;
				ENABLE_PREVIEWS = YES;
				GENERATE_INFOPLIST_FILE = YES;
				INFOPLIST_KEY_CFBundleDisplayName = WatchLandmarks;
				INFOPLIST_KEY_UISupportedInterfaceOrientations = "UIInterfaceOrientationPortrait UIInterfaceOrientationPortraitUpsideDown";
				INFOPLIST_KEY_WKCompanionAppBundleIdentifier = dev.jcsj.Landmarks;
				INFOPLIST_KEY_WKRunsIndependentlyOfCompanionApp = YES;
				LD_RUNPATH_SEARCH_PATHS = (
					"$(inherited)",
					"@executable_path/Frameworks",
				);
				MARKETING_VERSION = 1.0;
				PRODUCT_BUNDLE_IDENTIFIER = dev.jcsj.Landmarks.watchkitapp;
				PRODUCT_NAME = "$(TARGET_NAME)";
				SDKROOT = watchos;
				SKIP_INSTALL = YES;
				SWIFT_EMIT_LOC_STRINGS = YES;
				SWIFT_VERSION = 5.0;
				TARGETED_DEVICE_FAMILY = 4;
				WATCHOS_DEPLOYMENT_TARGET = 9.4;
			};
			name = Debug;
		};
		AA545BBE2A97D5B700F4BCF6 /* Release */ = {
			isa = XCBuildConfiguration;
			buildSettings = {
				ASSETCATALOG_COMPILER_APPICON_NAME = AppIcon;
				ASSETCATALOG_COMPILER_GLOBAL_ACCENT_COLOR_NAME = AccentColor;
				CODE_SIGN_STYLE = Automatic;
				CURRENT_PROJECT_VERSION = 1;
				DEVELOPMENT_ASSET_PATHS = "\"WatchLandmarks Watch App/Preview Content\"";
				DEVELOPMENT_TEAM = S7462B5GSX;
				ENABLE_PREVIEWS = YES;
				GENERATE_INFOPLIST_FILE = YES;
				INFOPLIST_KEY_CFBundleDisplayName = WatchLandmarks;
				INFOPLIST_KEY_UISupportedInterfaceOrientations = "UIInterfaceOrientationPortrait UIInterfaceOrientationPortraitUpsideDown";
				INFOPLIST_KEY_WKCompanionAppBundleIdentifier = dev.jcsj.Landmarks;
				INFOPLIST_KEY_WKRunsIndependentlyOfCompanionApp = YES;
				LD_RUNPATH_SEARCH_PATHS = (
					"$(inherited)",
					"@executable_path/Frameworks",
				);
				MARKETING_VERSION = 1.0;
				PRODUCT_BUNDLE_IDENTIFIER = dev.jcsj.Landmarks.watchkitapp;
				PRODUCT_NAME = "$(TARGET_NAME)";
				SDKROOT = watchos;
				SKIP_INSTALL = YES;
				SWIFT_EMIT_LOC_STRINGS = YES;
				SWIFT_VERSION = 5.0;
				TARGETED_DEVICE_FAMILY = 4;
				WATCHOS_DEPLOYMENT_TARGET = 9.4;
			};
			name = Release;
		};
		AA545BC02A97D5B700F4BCF6 /* Debug */ = {
			isa = XCBuildConfiguration;
			buildSettings = {
				ALWAYS_EMBED_SWIFT_STANDARD_LIBRARIES = YES;
				BUNDLE_LOADER = "$(TEST_HOST)";
				CODE_SIGN_STYLE = Automatic;
				CURRENT_PROJECT_VERSION = 1;
				DEVELOPMENT_TEAM = S7462B5GSX;
				GENERATE_INFOPLIST_FILE = YES;
				MARKETING_VERSION = 1.0;
				PRODUCT_BUNDLE_IDENTIFIER = "dev.jcsj.WatchLandmarks-Watch-AppTests";
				PRODUCT_NAME = "$(TARGET_NAME)";
				SDKROOT = watchos;
				SWIFT_EMIT_LOC_STRINGS = NO;
				SWIFT_VERSION = 5.0;
				TARGETED_DEVICE_FAMILY = 4;
				TEST_HOST = "$(BUILT_PRODUCTS_DIR)/WatchLandmarks Watch App.app/$(BUNDLE_EXECUTABLE_FOLDER_PATH)/WatchLandmarks Watch App";
				WATCHOS_DEPLOYMENT_TARGET = 9.4;
			};
			name = Debug;
		};
		AA545BC12A97D5B700F4BCF6 /* Release */ = {
			isa = XCBuildConfiguration;
			buildSettings = {
				ALWAYS_EMBED_SWIFT_STANDARD_LIBRARIES = YES;
				BUNDLE_LOADER = "$(TEST_HOST)";
				CODE_SIGN_STYLE = Automatic;
				CURRENT_PROJECT_VERSION = 1;
				DEVELOPMENT_TEAM = S7462B5GSX;
				GENERATE_INFOPLIST_FILE = YES;
				MARKETING_VERSION = 1.0;
				PRODUCT_BUNDLE_IDENTIFIER = "dev.jcsj.WatchLandmarks-Watch-AppTests";
				PRODUCT_NAME = "$(TARGET_NAME)";
				SDKROOT = watchos;
				SWIFT_EMIT_LOC_STRINGS = NO;
				SWIFT_VERSION = 5.0;
				TARGETED_DEVICE_FAMILY = 4;
				TEST_HOST = "$(BUILT_PRODUCTS_DIR)/WatchLandmarks Watch App.app/$(BUNDLE_EXECUTABLE_FOLDER_PATH)/WatchLandmarks Watch App";
				WATCHOS_DEPLOYMENT_TARGET = 9.4;
			};
			name = Release;
		};
		AA545BC32A97D5B700F4BCF6 /* Debug */ = {
			isa = XCBuildConfiguration;
			buildSettings = {
				ALWAYS_EMBED_SWIFT_STANDARD_LIBRARIES = YES;
				CODE_SIGN_STYLE = Automatic;
				CURRENT_PROJECT_VERSION = 1;
				DEVELOPMENT_TEAM = S7462B5GSX;
				GENERATE_INFOPLIST_FILE = YES;
				MARKETING_VERSION = 1.0;
				PRODUCT_BUNDLE_IDENTIFIER = "dev.jcsj.WatchLandmarks-Watch-AppUITests";
				PRODUCT_NAME = "$(TARGET_NAME)";
				SDKROOT = watchos;
				SWIFT_EMIT_LOC_STRINGS = NO;
				SWIFT_VERSION = 5.0;
				TARGETED_DEVICE_FAMILY = 4;
				TEST_TARGET_NAME = "WatchLandmarks Watch App";
				WATCHOS_DEPLOYMENT_TARGET = 9.4;
			};
			name = Debug;
		};
		AA545BC42A97D5B700F4BCF6 /* Release */ = {
			isa = XCBuildConfiguration;
			buildSettings = {
				ALWAYS_EMBED_SWIFT_STANDARD_LIBRARIES = YES;
				CODE_SIGN_STYLE = Automatic;
				CURRENT_PROJECT_VERSION = 1;
				DEVELOPMENT_TEAM = S7462B5GSX;
				GENERATE_INFOPLIST_FILE = YES;
				MARKETING_VERSION = 1.0;
				PRODUCT_BUNDLE_IDENTIFIER = "dev.jcsj.WatchLandmarks-Watch-AppUITests";
				PRODUCT_NAME = "$(TARGET_NAME)";
				SDKROOT = watchos;
				SWIFT_EMIT_LOC_STRINGS = NO;
				SWIFT_VERSION = 5.0;
				TARGETED_DEVICE_FAMILY = 4;
				TEST_TARGET_NAME = "WatchLandmarks Watch App";
				WATCHOS_DEPLOYMENT_TARGET = 9.4;
			};
			name = Release;
		};
/* End XCBuildConfiguration section */

/* Begin XCConfigurationList section */
		AA33A13F29ECA5A900715138 /* Build configuration list for PBXProject "Landmarks" */ = {
			isa = XCConfigurationList;
			buildConfigurations = (
				AA33A16629ECA5AA00715138 /* Debug */,
				AA33A16729ECA5AA00715138 /* Release */,
			);
			defaultConfigurationIsVisible = 0;
			defaultConfigurationName = Release;
		};
		AA33A16829ECA5AA00715138 /* Build configuration list for PBXNativeTarget "Landmarks" */ = {
			isa = XCConfigurationList;
			buildConfigurations = (
				AA33A16929ECA5AA00715138 /* Debug */,
				AA33A16A29ECA5AA00715138 /* Release */,
			);
			defaultConfigurationIsVisible = 0;
			defaultConfigurationName = Release;
		};
		AA33A16B29ECA5AA00715138 /* Build configuration list for PBXNativeTarget "LandmarksTests" */ = {
			isa = XCConfigurationList;
			buildConfigurations = (
				AA33A16C29ECA5AA00715138 /* Debug */,
				AA33A16D29ECA5AA00715138 /* Release */,
			);
			defaultConfigurationIsVisible = 0;
			defaultConfigurationName = Release;
		};
		AA33A16E29ECA5AA00715138 /* Build configuration list for PBXNativeTarget "LandmarksUITests" */ = {
			isa = XCConfigurationList;
			buildConfigurations = (
				AA33A16F29ECA5AA00715138 /* Debug */,
				AA33A17029ECA5AA00715138 /* Release */,
			);
			defaultConfigurationIsVisible = 0;
			defaultConfigurationName = Release;
		};
		AA545BBC2A97D5B700F4BCF6 /* Build configuration list for PBXNativeTarget "WatchLandmarks Watch App" */ = {
			isa = XCConfigurationList;
			buildConfigurations = (
				AA545BBD2A97D5B700F4BCF6 /* Debug */,
				AA545BBE2A97D5B700F4BCF6 /* Release */,
			);
			defaultConfigurationIsVisible = 0;
			defaultConfigurationName = Release;
		};
		AA545BBF2A97D5B700F4BCF6 /* Build configuration list for PBXNativeTarget "WatchLandmarks Watch AppTests" */ = {
			isa = XCConfigurationList;
			buildConfigurations = (
				AA545BC02A97D5B700F4BCF6 /* Debug */,
				AA545BC12A97D5B700F4BCF6 /* Release */,
			);
			defaultConfigurationIsVisible = 0;
			defaultConfigurationName = Release;
		};
		AA545BC22A97D5B700F4BCF6 /* Build configuration list for PBXNativeTarget "WatchLandmarks Watch AppUITests" */ = {
			isa = XCConfigurationList;
			buildConfigurations = (
				AA545BC32A97D5B700F4BCF6 /* Debug */,
				AA545BC42A97D5B700F4BCF6 /* Release */,
			);
			defaultConfigurationIsVisible = 0;
			defaultConfigurationName = Release;
		};
/* End XCConfigurationList section */
	};
	rootObject = AA33A13C29ECA5A900715138 /* Project object */;
}
